// !$*UTF8*$!
{
	archiveVersion = 1;
	classes = {
	};
	objectVersion = 77;
	objects = {

/* Begin PBXBuildFile section */
		017B3E48EEAC49360EC17414 /* LiveSyncTest.swift in Sources */ = {isa = PBXBuildFile; fileRef = 34CAD2D2C0EDA8DAFB8F1BC8 /* LiveSyncTest.swift */; };
		01BBA23FD8A728553F6179CB /* EaseChart.swift in Sources */ = {isa = PBXBuildFile; fileRef = EA7B1366ED7DF9A2977AC85B /* EaseChart.swift */; };
		031AF93F320B7E29AC835AF7 /* StatsDualAxisSupport.swift in Sources */ = {isa = PBXBuildFile; fileRef = C0FA551A94122B948800BA53 /* StatsDualAxisSupport.swift */; };
		0453D87A64F5D97716D53E90 /* CardWebViewCoordinator.swift in Sources */ = {isa = PBXBuildFile; fileRef = 342022B67A1EDBA3B371E543 /* CardWebViewCoordinator.swift */; };
		054C78FB30B7C542A8BA58FF /* HeatmapChartOptimized.swift in Sources */ = {isa = PBXBuildFile; fileRef = 9DCBBE19323E2EC3E25BBC73 /* HeatmapChartOptimized.swift */; };
		05B3C09F3B96E96D972F0424 /* SwiftUI.framework in Frameworks */ = {isa = PBXBuildFile; fileRef = CAE0DE68DC7E04F773A57E14 /* SwiftUI.framework */; };
		062F0A03C2F04F91B637A832 /* WidgetSnapshot.swift in Sources */ = {isa = PBXBuildFile; fileRef = 53DE7E42DF22C7093A9EDC7F /* WidgetSnapshot.swift */; };
		07A00C4390C97BA05E15ACDC /* ButtonsChart.swift in Sources */ = {isa = PBXBuildFile; fileRef = 68925B7C459B6B33BA955D7E /* ButtonsChart.swift */; };
		09F53E3A2D1BE691BA756B9F /* ReaderConfigurationView.swift in Sources */ = {isa = PBXBuildFile; fileRef = 6C9615A62531A4BB3E59BD46 /* ReaderConfigurationView.swift */; };
		0B51DFCE0A46751916048AC9 /* SyncToast.swift in Sources */ = {isa = PBXBuildFile; fileRef = 07C6B3321053EF019775DFBD /* SyncToast.swift */; };
		0C2752F4E87C078DFC8271DE /* IntervalsChart.swift in Sources */ = {isa = PBXBuildFile; fileRef = 46930603BF409DD049080BAC /* IntervalsChart.swift */; };
		0E6BAFDFFDAF2EFE7E9A17F4 /* TodayStatsCard.swift in Sources */ = {isa = PBXBuildFile; fileRef = 1ABDBB7A9C9C60BDE49C97F8 /* TodayStatsCard.swift */; };
		0F40C1E8847A0ABB57C180F5 /* ReviewView.swift in Sources */ = {isa = PBXBuildFile; fileRef = 4CB7489D2E74B5E73B594C7A /* ReviewView.swift */; };
		125CB371BB8CCAEE250459BD /* SwiftNavigation in Frameworks */ = {isa = PBXBuildFile; productRef = A83E8288FCBE678AC922CFF0 /* SwiftNavigation */; };
		17190F42F2E6B1E0998ECC9F /* ReaderTTS.swift in Sources */ = {isa = PBXBuildFile; fileRef = A2707B671D59B6A90F12121B /* ReaderTTS.swift */; };
		193745373B3ED7E4BCEC26EC /* ReviewPreferences.swift in Sources */ = {isa = PBXBuildFile; fileRef = 36D4DFA2DF34A6AD6A6A5366 /* ReviewPreferences.swift */; };
		1A215EB46E5B321E13CB9CFB /* ShareSheet.swift in Sources */ = {isa = PBXBuildFile; fileRef = 771456E3EFBF1BE767B6E246 /* ShareSheet.swift */; };
		1DD1AA66CD8C6AA32230C503 /* PeriodPicker.swift in Sources */ = {isa = PBXBuildFile; fileRef = 6C1DCE99E057D12847A0D13A /* PeriodPicker.swift */; };
		1E1FCAA449C21F1DD928CD5C /* TagsView.swift in Sources */ = {isa = PBXBuildFile; fileRef = B821E11FED498200F90B05BE /* TagsView.swift */; };
		20EBB57A4C92FAFE5A69CEAB /* FutureDueChart.swift in Sources */ = {isa = PBXBuildFile; fileRef = 96615CBB62B11C0AAABBD34C /* FutureDueChart.swift */; };
		216C03CF9E91C280AD908E1F /* TemplateSourceEditor.swift in Sources */ = {isa = PBXBuildFile; fileRef = A2A90FC67921644B319A2036 /* TemplateSourceEditor.swift */; };
		22002B3423A998AABA9D4255 /* ReviewsChart.swift in Sources */ = {isa = PBXBuildFile; fileRef = BA31D05E17814E8B82C6828B /* ReviewsChart.swift */; };
		25295E65FF027CFDAAB366BC /* AmgiTheme in Frameworks */ = {isa = PBXBuildFile; productRef = F965A812044E53C1A2FD5A8F /* AmgiTheme */; };
		2B1214F6581933794C177E7D /* ReaderConfiguration.swift in Sources */ = {isa = PBXBuildFile; fileRef = 020787C824DEC7DCB25BD48B /* ReaderConfiguration.swift */; };
		2B3722F4A958BE92E88FC2C5 /* CardWebView.swift in Sources */ = {isa = PBXBuildFile; fileRef = E265F3067C4AA7E4D05DD2FC /* CardWebView.swift */; };
		2F6CCEA4FF8B775FCA9299DA /* WidgetKit.framework in Frameworks */ = {isa = PBXBuildFile; fileRef = 2B60A11C277A30E8180CB0F1 /* WidgetKit.framework */; };
		34270B208122270BAC697B31 /* AmgiCardWeb in Frameworks */ = {isa = PBXBuildFile; productRef = 5089B17C1D8C3637BE4FB0A9 /* AmgiCardWeb */; };
		367BBDB7484B7572FFDFB37B /* AmgiModifiers.swift in Sources */ = {isa = PBXBuildFile; fileRef = BEC12C82CE9FD0F5018C98D6 /* AmgiModifiers.swift */; };
		385A4D906C43ED5E17ADB367 /* AmgiTypography.swift in Sources */ = {isa = PBXBuildFile; fileRef = 77BCE95B1AE4E0D131C5E2DE /* AmgiTypography.swift */; };
		3A0D999E07080EBD749A53AF /* WidgetSnapshot.swift in Sources */ = {isa = PBXBuildFile; fileRef = 53DE7E42DF22C7093A9EDC7F /* WidgetSnapshot.swift */; };
		3BE4592CD95AE2157BD0A7BE /* SyncSheet.swift in Sources */ = {isa = PBXBuildFile; fileRef = BF04EBAF4FEBD5B04D2C45C9 /* SyncSheet.swift */; };
		3F4F631E50BED31EF5B8E960 /* StatsDashboardView.swift in Sources */ = {isa = PBXBuildFile; fileRef = A22120BF1E94A657A26DDD3D /* StatsDashboardView.swift */; };
		402596FE0D7AF17DA2F8B746 /* ProfilePickerMenu.swift in Sources */ = {isa = PBXBuildFile; fileRef = 9D1DE64E39F2A91CE8DDB346 /* ProfilePickerMenu.swift */; };
		432EFA88F323B205548FDE22 /* mathjax in Resources */ = {isa = PBXBuildFile; fileRef = 44CF30873346E609AC9D7ADE /* mathjax */; };
		452398FEA5B4D4283DBBA593 /* ReaderDictionarySettingsView.swift in Sources */ = {isa = PBXBuildFile; fileRef = DD38D99FF14674DC0A70D908 /* ReaderDictionarySettingsView.swift */; };
		4BB1AC07B92A51CDFCF1C41D /* HeatmapLoadingManager.swift in Sources */ = {isa = PBXBuildFile; fileRef = 0FAFEE95E43D2A4090B68118 /* HeatmapLoadingManager.swift */; };
		4D108275803A51D6E8B05981 /* LookupStructuredContentView.swift in Sources */ = {isa = PBXBuildFile; fileRef = 56BE97E167C080F15A37CA9A /* LookupStructuredContentView.swift */; };
		5619F3C39DA9758BD318C134 /* AddImageOcclusionNoteView.swift in Sources */ = {isa = PBXBuildFile; fileRef = 00EDF91A0B47F794383AC6BD /* AddImageOcclusionNoteView.swift */; };
		5620C7B259074A8C419F37B3 /* DeckCountsView.swift in Sources */ = {isa = PBXBuildFile; fileRef = 563D97E28D0A34E270C7C744 /* DeckCountsView.swift */; };
		570828091E1FF534441427EA /* DebugView.swift in Sources */ = {isa = PBXBuildFile; fileRef = B219D0FE129E5978B1B69180 /* DebugView.swift */; };
		58CAEF6BE5C190FC9FE8D511 /* AmgiReaderDictionary in Frameworks */ = {isa = PBXBuildFile; productRef = DFF78E17542FA42887E61316 /* AmgiReaderDictionary */; };
		59F9ECD115D085D942DB1767 /* ChapterReaderView.swift in Sources */ = {isa = PBXBuildFile; fileRef = EA1C214188A816DDAA4A0699 /* ChapterReaderView.swift */; };
		5E16449905162CE9B2405DF5 /* AccountsSettingsView.swift in Sources */ = {isa = PBXBuildFile; fileRef = 4E84263F2AEE7DF0EDCFDAC5 /* AccountsSettingsView.swift */; };
		61D4ED23B8FFB20F6E39A029 /* LookupPopupView.swift in Sources */ = {isa = PBXBuildFile; fileRef = 27B6F786EED616BB42CC7219 /* LookupPopupView.swift */; };
		62827AECD070650394B5BBDB /* CardStateChart.swift in Sources */ = {isa = PBXBuildFile; fileRef = 0A8800AE28B6B04D42B84BAD /* CardStateChart.swift */; };
		652134A3080AAB2E8524794F /* AnkiKit in Frameworks */ = {isa = PBXBuildFile; productRef = D17643555D7431BE694A9400 /* AnkiKit */; };
		6681AA1ED28535DEBBC2A627 /* CardContextMenu.swift in Sources */ = {isa = PBXBuildFile; fileRef = 1DBE800CB36941130D213F56 /* CardContextMenu.swift */; };
		6794E01033A5C4DE1FF5DF75 /* AnkiBackedDictionaryConfigStore.swift in Sources */ = {isa = PBXBuildFile; fileRef = A0B23ED7B10EED378E3E4BE2 /* AnkiBackedDictionaryConfigStore.swift */; };
		679B377C1C8B788E15361E76 /* LookupAudioSupport.swift in Sources */ = {isa = PBXBuildFile; fileRef = ED043E82A627D528B6F1CA0E /* LookupAudioSupport.swift */; };
		6932C86281AB9089FDCF9C6B /* AnkiServices in Frameworks */ = {isa = PBXBuildFile; productRef = 9C12DFB8208798638ECB4C68 /* AnkiServices */; };
		6AA560023B11ADE4A093B1F2 /* BrowseSubtitle.swift in Sources */ = {isa = PBXBuildFile; fileRef = EC45D8BC5498EBEF637052E2 /* BrowseSubtitle.swift */; };
		6C4BE8D7A8AA862F71AF7E04 /* ReaderCoverImage.swift in Sources */ = {isa = PBXBuildFile; fileRef = 9CD519B4B26E63A52C7C87AA /* ReaderCoverImage.swift */; };
		6D783B1E6B06D55C4F3CDB41 /* SettingsView.swift in Sources */ = {isa = PBXBuildFile; fileRef = BFF13DB7D64E209817493CD6 /* SettingsView.swift */; };
		70BA3C17D61EE36D3C9459F7 /* NoteEditorView.swift in Sources */ = {isa = PBXBuildFile; fileRef = AD31FEA1C35D0834FF9F2AE8 /* NoteEditorView.swift */; };
		70E78891F6A13FB1AD4C6641 /* ImportHelper.swift in Sources */ = {isa = PBXBuildFile; fileRef = 4321AD543C71CB54FEE51BDD /* ImportHelper.swift */; };
		7119C630C1DA4A4F0A373C38 /* DeckConfigView.swift in Sources */ = {isa = PBXBuildFile; fileRef = 88326459727F819E169C6D32 /* DeckConfigView.swift */; };
		71A1B053966773D1157AA618 /* AnkiClients in Frameworks */ = {isa = PBXBuildFile; productRef = 3FED5E304581C8F9AF5A7AA8 /* AnkiClients */; };
		721CA6E5DEBF3AEF0C6F7BC5 /* ChapterListView.swift in Sources */ = {isa = PBXBuildFile; fileRef = 511DCB8ACF373447119FC5F6 /* ChapterListView.swift */; };
		72EFBA61E6007A14BAC1DF9E /* WriteWidgetSnapshot.swift in Sources */ = {isa = PBXBuildFile; fileRef = 9DE9F2C493FA28C7CD204D93 /* WriteWidgetSnapshot.swift */; };
		730C080AB748549EDC33442A /* SyncCoordinator.swift in Sources */ = {isa = PBXBuildFile; fileRef = 0FD34CECBFA19884BCBEF44F /* SyncCoordinator.swift */; };
		7394073082ABD095BA8C447F /* DeckTemplateListView.swift in Sources */ = {isa = PBXBuildFile; fileRef = 9DC0DD38C5C7DBDD358DC6C3 /* DeckTemplateListView.swift */; };
		73BED515464AA8C80C765BFF /* ContentView.swift in Sources */ = {isa = PBXBuildFile; fileRef = 44792958B343213988DC8FFB /* ContentView.swift */; };
		79AB97A5F02DD5E940373863 /* AmgiSpacing.swift in Sources */ = {isa = PBXBuildFile; fileRef = 41932790D6D52614FE97FB6A /* AmgiSpacing.swift */; };
		7AED302F88881176C8C44CA7 /* DeckListView.swift in Sources */ = {isa = PBXBuildFile; fileRef = CF6D85A3D634BB2332122756 /* DeckListView.swift */; };
		7C46534E4D979D315641F713 /* AnkiSync in Frameworks */ = {isa = PBXBuildFile; productRef = 9F148DCECED472C7DE230AB6 /* AnkiSync */; };
		7EC529DC6A312F24FC8069FD /* CardWebViewConfig.swift in Sources */ = {isa = PBXBuildFile; fileRef = 3D87C8D1EA1497775B548D36 /* CardWebViewConfig.swift */; };
		8037088122D7F4739E1D412A /* AnkiKit in Frameworks */ = {isa = PBXBuildFile; productRef = EEE5266ACE0725F53E9703A8 /* AnkiKit */; };
		87A56F3B49F4EE087A0B8243 /* EditImageOcclusionNoteView.swift in Sources */ = {isa = PBXBuildFile; fileRef = 3B1DF6F34F64AC55CF7D1CA5 /* EditImageOcclusionNoteView.swift */; };
		88C9801267943920AF0688C8 /* Sharing in Frameworks */ = {isa = PBXBuildFile; productRef = 4F99E922EA9267E4EE4CD5D6 /* Sharing */; };
		8A3003C76F69ABEEDE4903D7 /* ReaderProgressCoordinator.swift in Sources */ = {isa = PBXBuildFile; fileRef = 2A11DFFF9A3870EF818C896E /* ReaderProgressCoordinator.swift */; };
		8AC149CBB292119390646D68 /* NoteEditingDestinationView.swift in Sources */ = {isa = PBXBuildFile; fileRef = 81861EA695E7EA4CE8A5D959 /* NoteEditingDestinationView.swift */; };
		8AD06D30608491B042880E1E /* AmgiWidget.appex in Embed Foundation Extensions */ = {isa = PBXBuildFile; fileRef = A837EB0A30B6E90B20D5C1CD /* AmgiWidget.appex */; settings = {ATTRIBUTES = (RemoveHeadersOnCopy, ); }; };
		8B99191DE01CA2535D41A860 /* EmptyCardsView.swift in Sources */ = {isa = PBXBuildFile; fileRef = F0DFCEE447798D2B484E90BE /* EmptyCardsView.swift */; };
		8C87B61A46DD9657DD5DB797 /* SyncSettingsView.swift in Sources */ = {isa = PBXBuildFile; fileRef = 9B33C212E000026ABADB018F /* SyncSettingsView.swift */; };
		9480AB82C17BCEDE17F5A632 /* ReviewSettingsView.swift in Sources */ = {isa = PBXBuildFile; fileRef = 00A7ECF267A21BE8F7DB66A2 /* ReviewSettingsView.swift */; };
		94AB6A9BE4BC63D84EC48E6B /* AnkiProto in Frameworks */ = {isa = PBXBuildFile; productRef = 0BBBA9E831360913A56B8508 /* AnkiProto */; };
		973A71851E7AB4BA413D3FC1 /* ReviewSession.swift in Sources */ = {isa = PBXBuildFile; fileRef = 87E19F9B850C7DB93BC33F8E /* ReviewSession.swift */; };
		9979FC83164BAD629D3522E7 /* Assets.xcassets in Resources */ = {isa = PBXBuildFile; fileRef = C77F11AE7234C74B34230540 /* Assets.xcassets */; };
		9D6CF5DF5BB0C3A4C0902FB6 /* AddNoteView.swift in Sources */ = {isa = PBXBuildFile; fileRef = 381DC7574DA0AD7F7586A1AC /* AddNoteView.swift */; };
		9E49C82F6678D839A11DCBB6 /* SyncCoordinatorTypes.swift in Sources */ = {isa = PBXBuildFile; fileRef = 634D3386B517A6A04293D0E4 /* SyncCoordinatorTypes.swift */; };
		9F04117D1D3772A46BD87844 /* AmgiTheme in Frameworks */ = {isa = PBXBuildFile; productRef = DCE589747DD31E211851D79C /* AmgiTheme */; };
		A08C29961AAB5B415069E9A7 /* ReaderLibraryView.swift in Sources */ = {isa = PBXBuildFile; fileRef = 824FF6E0D4CA586062C28530 /* ReaderLibraryView.swift */; };
		A21440496544796FAF46C370 /* ImageOcclusionWorkspaceView.swift in Sources */ = {isa = PBXBuildFile; fileRef = B96313C47294713F9802CC99 /* ImageOcclusionWorkspaceView.swift */; };
		A5DEC7B6C0DEBE3CED8A78E0 /* StatsChartTooltip.swift in Sources */ = {isa = PBXBuildFile; fileRef = 38F8BCCF5848054DB8649D95 /* StatsChartTooltip.swift */; };
		A7C2896CF82C77EEB94B5140 /* BrowseSelectionState.swift in Sources */ = {isa = PBXBuildFile; fileRef = CE4903F7760C71A248997108 /* BrowseSelectionState.swift */; };
		A87D48D4DA8668BA3F705983 /* AmgiReader in Frameworks */ = {isa = PBXBuildFile; productRef = 2BD648FA756A72588752BD8B /* AmgiReader */; };
		A94A78430672FA123F40972B /* WidgetSnapshotStore.swift in Sources */ = {isa = PBXBuildFile; fileRef = 13AD8D3240232140F43CA3E4 /* WidgetSnapshotStore.swift */; };
		ABFA94EB10FCE4ECADD03DBA /* LoginSheet.swift in Sources */ = {isa = PBXBuildFile; fileRef = E15B27DFDDB066A4F26A2AC0 /* LoginSheet.swift */; };
		B3C3B80F855C1B352B1B3617 /* ForecastChart.swift in Sources */ = {isa = PBXBuildFile; fileRef = D7AB29C6FF05CB545EE528A4 /* ForecastChart.swift */; };
		B3C65C86DE4D6556CD428D2D /* Review in Resources */ = {isa = PBXBuildFile; fileRef = E02183080EEA1589D060C797 /* Review */; };
		B4B871416F0D29F050E29A82 /* AccountStore.swift in Sources */ = {isa = PBXBuildFile; fileRef = ED3440DB5CF8B675C7C28DE7 /* AccountStore.swift */; };
		BB3E89CDD647E53D949E751D /* AmgiAppApp.swift in Sources */ = {isa = PBXBuildFile; fileRef = 8194F942C511DFA83C0CB371 /* AmgiAppApp.swift */; };
		BEACA6B8452FA146CAE99CED /* AnkiMobileAttributionView.swift in Sources */ = {isa = PBXBuildFile; fileRef = 0D1F690F555A23ED3B0C6480 /* AnkiMobileAttributionView.swift */; };
		C2A7EC0E397FC4EB1FA8F8C5 /* DecksReviewsChart.swift in Sources */ = {isa = PBXBuildFile; fileRef = 199A597617657FFFD18EA1ED /* DecksReviewsChart.swift */; };
		C417D0DB3832D3592A5A3BA1 /* AnkiBackend in Frameworks */ = {isa = PBXBuildFile; productRef = F40C6D05700BCD9DB3969CD4 /* AnkiBackend */; };
		C5B81C2BC0BC2AE1C0C75C18 /* BatchTagSheet.swift in Sources */ = {isa = PBXBuildFile; fileRef = F30910E8924CC76A60AABDF5 /* BatchTagSheet.swift */; };
		C982AAB082A6BE5BF81A38E0 /* SharedKeys.swift in Sources */ = {isa = PBXBuildFile; fileRef = 230D9AB6235454610CDF182B /* SharedKeys.swift */; };
		CBE89D68D22071306BEA2FA7 /* WidgetSnapshotStore.swift in Sources */ = {isa = PBXBuildFile; fileRef = 13AD8D3240232140F43CA3E4 /* WidgetSnapshotStore.swift */; };
		CE8C956C1D8675A4ECFB139D /* Fonts in Resources */ = {isa = PBXBuildFile; fileRef = 5234988329E95B6BCC8C469A /* Fonts */; };
		CEDE2FDE4017DA56396E7DF1 /* ReaderThemeColor.swift in Sources */ = {isa = PBXBuildFile; fileRef = 84D6E41875D04365E0D99595 /* ReaderThemeColor.swift */; };
		D0E9E2D64289CAB5CA8D67E1 /* ReaderSettingsView.swift in Sources */ = {isa = PBXBuildFile; fileRef = BFDE1678CF021B6CF705D5CC /* ReaderSettingsView.swift */; };
		D4A17660BBB9A1BEDEFD1757 /* HourlyChart.swift in Sources */ = {isa = PBXBuildFile; fileRef = EDD5C86C6797AA2A03EDA7F2 /* HourlyChart.swift */; };
		D4CE8475B20AA7DABC38173B /* BrowseView.swift in Sources */ = {isa = PBXBuildFile; fileRef = D9BE6763BA3D99599AEEF5EB /* BrowseView.swift */; };
		D79E0303D5F0BB99137E1AE6 /* RetrievabilityChart.swift in Sources */ = {isa = PBXBuildFile; fileRef = A45310E40F1592B66D82CDE9 /* RetrievabilityChart.swift */; };
		DDD628AAE6A4C19DA5B95D92 /* RetentionChart.swift in Sources */ = {isa = PBXBuildFile; fileRef = 4F01877135006A91E7307925 /* RetentionChart.swift */; };
		DE6304E4AC1A28DA10A62A53 /* RichNoteFieldEditor.swift in Sources */ = {isa = PBXBuildFile; fileRef = D4A672D8B286F28E10D41007 /* RichNoteFieldEditor.swift */; };
		E04918C5E97B498267540BDD /* ReaderLookupStructuredContentResources.generated.swift in Sources */ = {isa = PBXBuildFile; fileRef = 131DC32CA118AAD899838E66 /* ReaderLookupStructuredContentResources.generated.swift */; };
		E309863697020446528E29DD /* ReviewAudioSession.swift in Sources */ = {isa = PBXBuildFile; fileRef = 1DCFB2EBF09D90E8F0D1B068 /* ReviewAudioSession.swift */; };
		E45540503268E00A3CAC9B04 /* WidgetKit.framework in Frameworks */ = {isa = PBXBuildFile; fileRef = 2B60A11C277A30E8180CB0F1 /* WidgetKit.framework */; };
		EF9AE5772C4EAA9AA7A33BEC /* MaintenanceView.swift in Sources */ = {isa = PBXBuildFile; fileRef = D38F9CB4658B665209B01BB2 /* MaintenanceView.swift */; };
		F121039FD8EE0629187AF43B /* NoteFieldHTMLPreview.swift in Sources */ = {isa = PBXBuildFile; fileRef = 75A3A3F2790F00A2E443F00A /* NoteFieldHTMLPreview.swift */; };
		F12D2524A2616E3735B61E6F /* AppearanceSettingsView.swift in Sources */ = {isa = PBXBuildFile; fileRef = 652D89BC805F4B74FCAB89D3 /* AppearanceSettingsView.swift */; };
		F37C1A973A4F933CE3C9B39C /* UIKitNavigation in Frameworks */ = {isa = PBXBuildFile; productRef = C6F941841B903375DAA58334 /* UIKitNavigation */; };
		F435860F404414DDFB885081 /* AboutView.swift in Sources */ = {isa = PBXBuildFile; fileRef = C9AB03FC0929F8401CB402B4 /* AboutView.swift */; };
		F4BC36B69D12F447736F9CC0 /* ReaderFontOption.swift in Sources */ = {isa = PBXBuildFile; fileRef = E164CDFA0C6357AEFBD66E15 /* ReaderFontOption.swift */; };
		FA6F34B1F03D032967D1A495 /* AddedChart.swift in Sources */ = {isa = PBXBuildFile; fileRef = 5D96AF0D713B27B32FA98015 /* AddedChart.swift */; };
		FAC37531F72B8508E8253A62 /* CardAssetScheme.swift in Sources */ = {isa = PBXBuildFile; fileRef = 0A33DB0DDA9DDB6DF8F59802 /* CardAssetScheme.swift */; };
		FBDD17C4C5111E25EA33A72B /* MediaCheckResultView.swift in Sources */ = {isa = PBXBuildFile; fileRef = F231B0AEED1887A513639B6C /* MediaCheckResultView.swift */; };
		FCB99F58E7F60D1D8395F63A /* DeckDetailView.swift in Sources */ = {isa = PBXBuildFile; fileRef = 281E4C76C1DF305DC7227BB9 /* DeckDetailView.swift */; };
		FE005216E1B6A16B60A88A9D /* OnboardingView.swift in Sources */ = {isa = PBXBuildFile; fileRef = 2E09DF2F9BCEDD04F59A90AA /* OnboardingView.swift */; };
		FE8CE98F275F0B697E0A83C1 /* CardCountsChart.swift in Sources */ = {isa = PBXBuildFile; fileRef = EB6BD09886C573AB8B8CF6B8 /* CardCountsChart.swift */; };
/* End PBXBuildFile section */

/* Begin PBXContainerItemProxy section */
		405A1DF95A869267A4FF267C /* PBXContainerItemProxy */ = {
			isa = PBXContainerItemProxy;
			containerPortal = CCE55545D9F1ABEDD48DB366 /* Project object */;
			proxyType = 1;
			remoteGlobalIDString = 95284AD6E89B9B84191749DE;
			remoteInfo = AmgiApp;
		};
		EE34BEA2D08D4B4B3CE4BF7A /* PBXContainerItemProxy */ = {
			isa = PBXContainerItemProxy;
			containerPortal = CCE55545D9F1ABEDD48DB366 /* Project object */;
			proxyType = 1;
			remoteGlobalIDString = 9B3B324834735D7AA9620491;
			remoteInfo = AmgiWidget;
		};
/* End PBXContainerItemProxy section */

/* Begin PBXCopyFilesBuildPhase section */
		410CE2AB2D9AFEF1B607231D /* Embed Foundation Extensions */ = {
			isa = PBXCopyFilesBuildPhase;
			buildActionMask = 2147483647;
			dstPath = "";
			dstSubfolderSpec = 13;
			files = (
				8AD06D30608491B042880E1E /* AmgiWidget.appex in Embed Foundation Extensions */,
			);
			name = "Embed Foundation Extensions";
			runOnlyForDeploymentPostprocessing = 0;
		};
/* End PBXCopyFilesBuildPhase section */

/* Begin PBXFileReference section */
		00A7ECF267A21BE8F7DB66A2 /* ReviewSettingsView.swift */ = {isa = PBXFileReference; lastKnownFileType = sourcecode.swift; path = ReviewSettingsView.swift; sourceTree = "<group>"; };
		00EDF91A0B47F794383AC6BD /* AddImageOcclusionNoteView.swift */ = {isa = PBXFileReference; lastKnownFileType = sourcecode.swift; path = AddImageOcclusionNoteView.swift; sourceTree = "<group>"; };
		020787C824DEC7DCB25BD48B /* ReaderConfiguration.swift */ = {isa = PBXFileReference; lastKnownFileType = sourcecode.swift; path = ReaderConfiguration.swift; sourceTree = "<group>"; };
		07C6B3321053EF019775DFBD /* SyncToast.swift */ = {isa = PBXFileReference; lastKnownFileType = sourcecode.swift; path = SyncToast.swift; sourceTree = "<group>"; };
		0A33DB0DDA9DDB6DF8F59802 /* CardAssetScheme.swift */ = {isa = PBXFileReference; lastKnownFileType = sourcecode.swift; path = CardAssetScheme.swift; sourceTree = "<group>"; };
		0A8800AE28B6B04D42B84BAD /* CardStateChart.swift */ = {isa = PBXFileReference; lastKnownFileType = sourcecode.swift; path = CardStateChart.swift; sourceTree = "<group>"; };
		0D1F690F555A23ED3B0C6480 /* AnkiMobileAttributionView.swift */ = {isa = PBXFileReference; lastKnownFileType = sourcecode.swift; path = AnkiMobileAttributionView.swift; sourceTree = "<group>"; };
		0FAFEE95E43D2A4090B68118 /* HeatmapLoadingManager.swift */ = {isa = PBXFileReference; lastKnownFileType = sourcecode.swift; path = HeatmapLoadingManager.swift; sourceTree = "<group>"; };
		0FD34CECBFA19884BCBEF44F /* SyncCoordinator.swift */ = {isa = PBXFileReference; lastKnownFileType = sourcecode.swift; path = SyncCoordinator.swift; sourceTree = "<group>"; };
		131DC32CA118AAD899838E66 /* ReaderLookupStructuredContentResources.generated.swift */ = {isa = PBXFileReference; lastKnownFileType = sourcecode.swift; path = ReaderLookupStructuredContentResources.generated.swift; sourceTree = "<group>"; };
		13AD8D3240232140F43CA3E4 /* WidgetSnapshotStore.swift */ = {isa = PBXFileReference; lastKnownFileType = sourcecode.swift; path = WidgetSnapshotStore.swift; sourceTree = "<group>"; };
		199A597617657FFFD18EA1ED /* DecksReviewsChart.swift */ = {isa = PBXFileReference; lastKnownFileType = sourcecode.swift; path = DecksReviewsChart.swift; sourceTree = "<group>"; };
		1ABDBB7A9C9C60BDE49C97F8 /* TodayStatsCard.swift */ = {isa = PBXFileReference; lastKnownFileType = sourcecode.swift; path = TodayStatsCard.swift; sourceTree = "<group>"; };
		1DBE800CB36941130D213F56 /* CardContextMenu.swift */ = {isa = PBXFileReference; lastKnownFileType = sourcecode.swift; path = CardContextMenu.swift; sourceTree = "<group>"; };
		1DCFB2EBF09D90E8F0D1B068 /* ReviewAudioSession.swift */ = {isa = PBXFileReference; lastKnownFileType = sourcecode.swift; path = ReviewAudioSession.swift; sourceTree = "<group>"; };
		230D9AB6235454610CDF182B /* SharedKeys.swift */ = {isa = PBXFileReference; lastKnownFileType = sourcecode.swift; path = SharedKeys.swift; sourceTree = "<group>"; };
		27B6F786EED616BB42CC7219 /* LookupPopupView.swift */ = {isa = PBXFileReference; lastKnownFileType = sourcecode.swift; path = LookupPopupView.swift; sourceTree = "<group>"; };
		281E4C76C1DF305DC7227BB9 /* DeckDetailView.swift */ = {isa = PBXFileReference; lastKnownFileType = sourcecode.swift; path = DeckDetailView.swift; sourceTree = "<group>"; };
		2A11DFFF9A3870EF818C896E /* ReaderProgressCoordinator.swift */ = {isa = PBXFileReference; lastKnownFileType = sourcecode.swift; path = ReaderProgressCoordinator.swift; sourceTree = "<group>"; };
		2B60A11C277A30E8180CB0F1 /* WidgetKit.framework */ = {isa = PBXFileReference; lastKnownFileType = wrapper.framework; name = WidgetKit.framework; path = System/Library/Frameworks/WidgetKit.framework; sourceTree = SDKROOT; };
		2E09DF2F9BCEDD04F59A90AA /* OnboardingView.swift */ = {isa = PBXFileReference; lastKnownFileType = sourcecode.swift; path = OnboardingView.swift; sourceTree = "<group>"; };
		342022B67A1EDBA3B371E543 /* CardWebViewCoordinator.swift */ = {isa = PBXFileReference; lastKnownFileType = sourcecode.swift; path = CardWebViewCoordinator.swift; sourceTree = "<group>"; };
		34CAD2D2C0EDA8DAFB8F1BC8 /* LiveSyncTest.swift */ = {isa = PBXFileReference; lastKnownFileType = sourcecode.swift; path = LiveSyncTest.swift; sourceTree = "<group>"; };
		36D4DFA2DF34A6AD6A6A5366 /* ReviewPreferences.swift */ = {isa = PBXFileReference; lastKnownFileType = sourcecode.swift; path = ReviewPreferences.swift; sourceTree = "<group>"; };
		381DC7574DA0AD7F7586A1AC /* AddNoteView.swift */ = {isa = PBXFileReference; lastKnownFileType = sourcecode.swift; path = AddNoteView.swift; sourceTree = "<group>"; };
		38F8BCCF5848054DB8649D95 /* StatsChartTooltip.swift */ = {isa = PBXFileReference; lastKnownFileType = sourcecode.swift; path = StatsChartTooltip.swift; sourceTree = "<group>"; };
		3B1DF6F34F64AC55CF7D1CA5 /* EditImageOcclusionNoteView.swift */ = {isa = PBXFileReference; lastKnownFileType = sourcecode.swift; path = EditImageOcclusionNoteView.swift; sourceTree = "<group>"; };
		3D87C8D1EA1497775B548D36 /* CardWebViewConfig.swift */ = {isa = PBXFileReference; lastKnownFileType = sourcecode.swift; path = CardWebViewConfig.swift; sourceTree = "<group>"; };
		41932790D6D52614FE97FB6A /* AmgiSpacing.swift */ = {isa = PBXFileReference; lastKnownFileType = sourcecode.swift; path = AmgiSpacing.swift; sourceTree = "<group>"; };
		4321AD543C71CB54FEE51BDD /* ImportHelper.swift */ = {isa = PBXFileReference; lastKnownFileType = sourcecode.swift; path = ImportHelper.swift; sourceTree = "<group>"; };
		44792958B343213988DC8FFB /* ContentView.swift */ = {isa = PBXFileReference; lastKnownFileType = sourcecode.swift; path = ContentView.swift; sourceTree = "<group>"; };
		44CF30873346E609AC9D7ADE /* mathjax */ = {isa = PBXFileReference; lastKnownFileType = folder; name = mathjax; path = Resources/mathjax; sourceTree = SOURCE_ROOT; };
		46930603BF409DD049080BAC /* IntervalsChart.swift */ = {isa = PBXFileReference; lastKnownFileType = sourcecode.swift; path = IntervalsChart.swift; sourceTree = "<group>"; };
		4CB7489D2E74B5E73B594C7A /* ReviewView.swift */ = {isa = PBXFileReference; lastKnownFileType = sourcecode.swift; path = ReviewView.swift; sourceTree = "<group>"; };
		4E84263F2AEE7DF0EDCFDAC5 /* AccountsSettingsView.swift */ = {isa = PBXFileReference; lastKnownFileType = sourcecode.swift; path = AccountsSettingsView.swift; sourceTree = "<group>"; };
		4F01877135006A91E7307925 /* RetentionChart.swift */ = {isa = PBXFileReference; lastKnownFileType = sourcecode.swift; path = RetentionChart.swift; sourceTree = "<group>"; };
		511DCB8ACF373447119FC5F6 /* ChapterListView.swift */ = {isa = PBXFileReference; lastKnownFileType = sourcecode.swift; path = ChapterListView.swift; sourceTree = "<group>"; };
		5234988329E95B6BCC8C469A /* Fonts */ = {isa = PBXFileReference; lastKnownFileType = folder; name = Fonts; path = Resources/Fonts; sourceTree = SOURCE_ROOT; };
		53DE7E42DF22C7093A9EDC7F /* WidgetSnapshot.swift */ = {isa = PBXFileReference; lastKnownFileType = sourcecode.swift; path = WidgetSnapshot.swift; sourceTree = "<group>"; };
		563D97E28D0A34E270C7C744 /* DeckCountsView.swift */ = {isa = PBXFileReference; lastKnownFileType = sourcecode.swift; path = DeckCountsView.swift; sourceTree = "<group>"; };
		56BE97E167C080F15A37CA9A /* LookupStructuredContentView.swift */ = {isa = PBXFileReference; lastKnownFileType = sourcecode.swift; path = LookupStructuredContentView.swift; sourceTree = "<group>"; };
		5D96AF0D713B27B32FA98015 /* AddedChart.swift */ = {isa = PBXFileReference; lastKnownFileType = sourcecode.swift; path = AddedChart.swift; sourceTree = "<group>"; };
		634D3386B517A6A04293D0E4 /* SyncCoordinatorTypes.swift */ = {isa = PBXFileReference; lastKnownFileType = sourcecode.swift; path = SyncCoordinatorTypes.swift; sourceTree = "<group>"; };
		652D89BC805F4B74FCAB89D3 /* AppearanceSettingsView.swift */ = {isa = PBXFileReference; lastKnownFileType = sourcecode.swift; path = AppearanceSettingsView.swift; sourceTree = "<group>"; };
		68925B7C459B6B33BA955D7E /* ButtonsChart.swift */ = {isa = PBXFileReference; lastKnownFileType = sourcecode.swift; path = ButtonsChart.swift; sourceTree = "<group>"; };
		6C1DCE99E057D12847A0D13A /* PeriodPicker.swift */ = {isa = PBXFileReference; lastKnownFileType = sourcecode.swift; path = PeriodPicker.swift; sourceTree = "<group>"; };
		6C9615A62531A4BB3E59BD46 /* ReaderConfigurationView.swift */ = {isa = PBXFileReference; lastKnownFileType = sourcecode.swift; path = ReaderConfigurationView.swift; sourceTree = "<group>"; };
		6FC065BB94EC4D03C744D66D /* AmgiUI */ = {isa = PBXFileReference; lastKnownFileType = folder; name = AmgiUI; path = ../AmgiUI; sourceTree = SOURCE_ROOT; };
		75A3A3F2790F00A2E443F00A /* NoteFieldHTMLPreview.swift */ = {isa = PBXFileReference; lastKnownFileType = sourcecode.swift; path = NoteFieldHTMLPreview.swift; sourceTree = "<group>"; };
		771456E3EFBF1BE767B6E246 /* ShareSheet.swift */ = {isa = PBXFileReference; lastKnownFileType = sourcecode.swift; path = ShareSheet.swift; sourceTree = "<group>"; };
		77BCE95B1AE4E0D131C5E2DE /* AmgiTypography.swift */ = {isa = PBXFileReference; lastKnownFileType = sourcecode.swift; path = AmgiTypography.swift; sourceTree = "<group>"; };
		81861EA695E7EA4CE8A5D959 /* NoteEditingDestinationView.swift */ = {isa = PBXFileReference; lastKnownFileType = sourcecode.swift; path = NoteEditingDestinationView.swift; sourceTree = "<group>"; };
		8194F942C511DFA83C0CB371 /* AmgiAppApp.swift */ = {isa = PBXFileReference; lastKnownFileType = sourcecode.swift; path = AmgiAppApp.swift; sourceTree = "<group>"; };
		824FF6E0D4CA586062C28530 /* ReaderLibraryView.swift */ = {isa = PBXFileReference; lastKnownFileType = sourcecode.swift; path = ReaderLibraryView.swift; sourceTree = "<group>"; };
		84D6E41875D04365E0D99595 /* ReaderThemeColor.swift */ = {isa = PBXFileReference; lastKnownFileType = sourcecode.swift; path = ReaderThemeColor.swift; sourceTree = "<group>"; };
		87E19F9B850C7DB93BC33F8E /* ReviewSession.swift */ = {isa = PBXFileReference; lastKnownFileType = sourcecode.swift; path = ReviewSession.swift; sourceTree = "<group>"; };
		88326459727F819E169C6D32 /* DeckConfigView.swift */ = {isa = PBXFileReference; lastKnownFileType = sourcecode.swift; path = DeckConfigView.swift; sourceTree = "<group>"; };
		9508481C0DD815976FA19522 /* AmgiReader */ = {isa = PBXFileReference; lastKnownFileType = folder; name = AmgiReader; path = ../AmgiReader; sourceTree = SOURCE_ROOT; };
		96615CBB62B11C0AAABBD34C /* FutureDueChart.swift */ = {isa = PBXFileReference; lastKnownFileType = sourcecode.swift; path = FutureDueChart.swift; sourceTree = "<group>"; };
		9B33C212E000026ABADB018F /* SyncSettingsView.swift */ = {isa = PBXFileReference; lastKnownFileType = sourcecode.swift; path = SyncSettingsView.swift; sourceTree = "<group>"; };
		9CD519B4B26E63A52C7C87AA /* ReaderCoverImage.swift */ = {isa = PBXFileReference; lastKnownFileType = sourcecode.swift; path = ReaderCoverImage.swift; sourceTree = "<group>"; };
		9D1DE64E39F2A91CE8DDB346 /* ProfilePickerMenu.swift */ = {isa = PBXFileReference; lastKnownFileType = sourcecode.swift; path = ProfilePickerMenu.swift; sourceTree = "<group>"; };
		9DC0DD38C5C7DBDD358DC6C3 /* DeckTemplateListView.swift */ = {isa = PBXFileReference; lastKnownFileType = sourcecode.swift; path = DeckTemplateListView.swift; sourceTree = "<group>"; };
		9DCBBE19323E2EC3E25BBC73 /* HeatmapChartOptimized.swift */ = {isa = PBXFileReference; lastKnownFileType = sourcecode.swift; path = HeatmapChartOptimized.swift; sourceTree = "<group>"; };
		9DE9F2C493FA28C7CD204D93 /* WriteWidgetSnapshot.swift */ = {isa = PBXFileReference; lastKnownFileType = sourcecode.swift; path = WriteWidgetSnapshot.swift; sourceTree = "<group>"; };
		A0B23ED7B10EED378E3E4BE2 /* AnkiBackedDictionaryConfigStore.swift */ = {isa = PBXFileReference; lastKnownFileType = sourcecode.swift; path = AnkiBackedDictionaryConfigStore.swift; sourceTree = "<group>"; };
		A22120BF1E94A657A26DDD3D /* StatsDashboardView.swift */ = {isa = PBXFileReference; lastKnownFileType = sourcecode.swift; path = StatsDashboardView.swift; sourceTree = "<group>"; };
		A2707B671D59B6A90F12121B /* ReaderTTS.swift */ = {isa = PBXFileReference; lastKnownFileType = sourcecode.swift; path = ReaderTTS.swift; sourceTree = "<group>"; };
		A2A90FC67921644B319A2036 /* TemplateSourceEditor.swift */ = {isa = PBXFileReference; lastKnownFileType = sourcecode.swift; path = TemplateSourceEditor.swift; sourceTree = "<group>"; };
		A45310E40F1592B66D82CDE9 /* RetrievabilityChart.swift */ = {isa = PBXFileReference; lastKnownFileType = sourcecode.swift; path = RetrievabilityChart.swift; sourceTree = "<group>"; };
		A837EB0A30B6E90B20D5C1CD /* AmgiWidget.appex */ = {isa = PBXFileReference; includeInIndex = 0; lastKnownFileType = "wrapper.app-extension"; path = AmgiWidget.appex; sourceTree = BUILT_PRODUCTS_DIR; };
		AD31FEA1C35D0834FF9F2AE8 /* NoteEditorView.swift */ = {isa = PBXFileReference; lastKnownFileType = sourcecode.swift; path = NoteEditorView.swift; sourceTree = "<group>"; };
		B219D0FE129E5978B1B69180 /* DebugView.swift */ = {isa = PBXFileReference; lastKnownFileType = sourcecode.swift; path = DebugView.swift; sourceTree = "<group>"; };
		B821E11FED498200F90B05BE /* TagsView.swift */ = {isa = PBXFileReference; lastKnownFileType = sourcecode.swift; path = TagsView.swift; sourceTree = "<group>"; };
		B96313C47294713F9802CC99 /* ImageOcclusionWorkspaceView.swift */ = {isa = PBXFileReference; lastKnownFileType = sourcecode.swift; path = ImageOcclusionWorkspaceView.swift; sourceTree = "<group>"; };
		BA31D05E17814E8B82C6828B /* ReviewsChart.swift */ = {isa = PBXFileReference; lastKnownFileType = sourcecode.swift; path = ReviewsChart.swift; sourceTree = "<group>"; };
		BEC12C82CE9FD0F5018C98D6 /* AmgiModifiers.swift */ = {isa = PBXFileReference; lastKnownFileType = sourcecode.swift; path = AmgiModifiers.swift; sourceTree = "<group>"; };
		BF04EBAF4FEBD5B04D2C45C9 /* SyncSheet.swift */ = {isa = PBXFileReference; lastKnownFileType = sourcecode.swift; path = SyncSheet.swift; sourceTree = "<group>"; };
		BFDE1678CF021B6CF705D5CC /* ReaderSettingsView.swift */ = {isa = PBXFileReference; lastKnownFileType = sourcecode.swift; path = ReaderSettingsView.swift; sourceTree = "<group>"; };
		BFF13DB7D64E209817493CD6 /* SettingsView.swift */ = {isa = PBXFileReference; lastKnownFileType = sourcecode.swift; path = SettingsView.swift; sourceTree = "<group>"; };
		C0FA551A94122B948800BA53 /* StatsDualAxisSupport.swift */ = {isa = PBXFileReference; lastKnownFileType = sourcecode.swift; path = StatsDualAxisSupport.swift; sourceTree = "<group>"; };
		C57E0A30A0C5B7FE232BF0C3 /* amgi */ = {isa = PBXFileReference; lastKnownFileType = folder; name = amgi; path = ..; sourceTree = SOURCE_ROOT; };
		C77F11AE7234C74B34230540 /* Assets.xcassets */ = {isa = PBXFileReference; lastKnownFileType = folder.assetcatalog; path = Assets.xcassets; sourceTree = "<group>"; };
		C9AB03FC0929F8401CB402B4 /* AboutView.swift */ = {isa = PBXFileReference; lastKnownFileType = sourcecode.swift; path = AboutView.swift; sourceTree = "<group>"; };
		CAE0DE68DC7E04F773A57E14 /* SwiftUI.framework */ = {isa = PBXFileReference; lastKnownFileType = wrapper.framework; name = SwiftUI.framework; path = System/Library/Frameworks/SwiftUI.framework; sourceTree = SDKROOT; };
		CE4903F7760C71A248997108 /* BrowseSelectionState.swift */ = {isa = PBXFileReference; lastKnownFileType = sourcecode.swift; path = BrowseSelectionState.swift; sourceTree = "<group>"; };
		CF6D85A3D634BB2332122756 /* DeckListView.swift */ = {isa = PBXFileReference; lastKnownFileType = sourcecode.swift; path = DeckListView.swift; sourceTree = "<group>"; };
		D38F9CB4658B665209B01BB2 /* MaintenanceView.swift */ = {isa = PBXFileReference; lastKnownFileType = sourcecode.swift; path = MaintenanceView.swift; sourceTree = "<group>"; };
		D4A672D8B286F28E10D41007 /* RichNoteFieldEditor.swift */ = {isa = PBXFileReference; lastKnownFileType = sourcecode.swift; path = RichNoteFieldEditor.swift; sourceTree = "<group>"; };
		D7AB29C6FF05CB545EE528A4 /* ForecastChart.swift */ = {isa = PBXFileReference; lastKnownFileType = sourcecode.swift; path = ForecastChart.swift; sourceTree = "<group>"; };
		D9BE6763BA3D99599AEEF5EB /* BrowseView.swift */ = {isa = PBXFileReference; lastKnownFileType = sourcecode.swift; path = BrowseView.swift; sourceTree = "<group>"; };
		DD38D99FF14674DC0A70D908 /* ReaderDictionarySettingsView.swift */ = {isa = PBXFileReference; lastKnownFileType = sourcecode.swift; path = ReaderDictionarySettingsView.swift; sourceTree = "<group>"; };
		DE61E854280804F08BB1DD31 /* AmgiApp.app */ = {isa = PBXFileReference; includeInIndex = 0; lastKnownFileType = wrapper.application; path = AmgiApp.app; sourceTree = BUILT_PRODUCTS_DIR; };
		E02183080EEA1589D060C797 /* Review */ = {isa = PBXFileReference; lastKnownFileType = folder; name = Review; path = Resources/Review; sourceTree = SOURCE_ROOT; };
		E15B27DFDDB066A4F26A2AC0 /* LoginSheet.swift */ = {isa = PBXFileReference; lastKnownFileType = sourcecode.swift; path = LoginSheet.swift; sourceTree = "<group>"; };
		E164CDFA0C6357AEFBD66E15 /* ReaderFontOption.swift */ = {isa = PBXFileReference; lastKnownFileType = sourcecode.swift; path = ReaderFontOption.swift; sourceTree = "<group>"; };
		E265F3067C4AA7E4D05DD2FC /* CardWebView.swift */ = {isa = PBXFileReference; lastKnownFileType = sourcecode.swift; path = CardWebView.swift; sourceTree = "<group>"; };
		EA1C214188A816DDAA4A0699 /* ChapterReaderView.swift */ = {isa = PBXFileReference; lastKnownFileType = sourcecode.swift; path = ChapterReaderView.swift; sourceTree = "<group>"; };
		EA7B1366ED7DF9A2977AC85B /* EaseChart.swift */ = {isa = PBXFileReference; lastKnownFileType = sourcecode.swift; path = EaseChart.swift; sourceTree = "<group>"; };
		EB6BD09886C573AB8B8CF6B8 /* CardCountsChart.swift */ = {isa = PBXFileReference; lastKnownFileType = sourcecode.swift; path = CardCountsChart.swift; sourceTree = "<group>"; };
		EC45D8BC5498EBEF637052E2 /* BrowseSubtitle.swift */ = {isa = PBXFileReference; lastKnownFileType = sourcecode.swift; path = BrowseSubtitle.swift; sourceTree = "<group>"; };
		ED043E82A627D528B6F1CA0E /* LookupAudioSupport.swift */ = {isa = PBXFileReference; lastKnownFileType = sourcecode.swift; path = LookupAudioSupport.swift; sourceTree = "<group>"; };
		ED3440DB5CF8B675C7C28DE7 /* AccountStore.swift */ = {isa = PBXFileReference; lastKnownFileType = sourcecode.swift; path = AccountStore.swift; sourceTree = "<group>"; };
		EDD5C86C6797AA2A03EDA7F2 /* HourlyChart.swift */ = {isa = PBXFileReference; lastKnownFileType = sourcecode.swift; path = HourlyChart.swift; sourceTree = "<group>"; };
		F0DFCEE447798D2B484E90BE /* EmptyCardsView.swift */ = {isa = PBXFileReference; lastKnownFileType = sourcecode.swift; path = EmptyCardsView.swift; sourceTree = "<group>"; };
		F231B0AEED1887A513639B6C /* MediaCheckResultView.swift */ = {isa = PBXFileReference; lastKnownFileType = sourcecode.swift; path = MediaCheckResultView.swift; sourceTree = "<group>"; };
		F30910E8924CC76A60AABDF5 /* BatchTagSheet.swift */ = {isa = PBXFileReference; lastKnownFileType = sourcecode.swift; path = BatchTagSheet.swift; sourceTree = "<group>"; };
		FEF6D1A33091968455963805 /* AmgiAppTests.xctest */ = {isa = PBXFileReference; includeInIndex = 0; lastKnownFileType = wrapper.cfbundle; path = AmgiAppTests.xctest; sourceTree = BUILT_PRODUCTS_DIR; };
/* End PBXFileReference section */

/* Begin PBXFileSystemSynchronizedRootGroup section */
		47B6144E346E2B50C7F63EC1 /* Sources/Widgets */ = {
			isa = PBXFileSystemSynchronizedRootGroup;
			explicitFileTypes = {
			};
			explicitFolders = (
			);
			path = Sources/Widgets;
			sourceTree = "<group>";
		};
		E5F5F6D6E71155A9C56DACEF /* Tests/AmgiAppTests */ = {
			isa = PBXFileSystemSynchronizedRootGroup;
			explicitFileTypes = {
			};
			explicitFolders = (
			);
			path = Tests/AmgiAppTests;
			sourceTree = "<group>";
		};
/* End PBXFileSystemSynchronizedRootGroup section */

/* Begin PBXFrameworksBuildPhase section */
		13D1F5F67D6C828F4B9F1C8F /* Frameworks */ = {
			isa = PBXFrameworksBuildPhase;
			buildActionMask = 2147483647;
			files = (
				652134A3080AAB2E8524794F /* AnkiKit in Frameworks */,
				25295E65FF027CFDAAB366BC /* AmgiTheme in Frameworks */,
				E45540503268E00A3CAC9B04 /* WidgetKit.framework in Frameworks */,
				05B3C09F3B96E96D972F0424 /* SwiftUI.framework in Frameworks */,
			);
			runOnlyForDeploymentPostprocessing = 0;
		};
		19B37F948ED2A792E3A74AC2 /* Frameworks */ = {
			isa = PBXFrameworksBuildPhase;
			buildActionMask = 2147483647;
			files = (
				8037088122D7F4739E1D412A /* AnkiKit in Frameworks */,
				6932C86281AB9089FDCF9C6B /* AnkiServices in Frameworks */,
				71A1B053966773D1157AA618 /* AnkiClients in Frameworks */,
				7C46534E4D979D315641F713 /* AnkiSync in Frameworks */,
				C417D0DB3832D3592A5A3BA1 /* AnkiBackend in Frameworks */,
				94AB6A9BE4BC63D84EC48E6B /* AnkiProto in Frameworks */,
				34270B208122270BAC697B31 /* AmgiCardWeb in Frameworks */,
				A87D48D4DA8668BA3F705983 /* AmgiReader in Frameworks */,
				58CAEF6BE5C190FC9FE8D511 /* AmgiReaderDictionary in Frameworks */,
				9F04117D1D3772A46BD87844 /* AmgiTheme in Frameworks */,
				125CB371BB8CCAEE250459BD /* SwiftNavigation in Frameworks */,
				F37C1A973A4F933CE3C9B39C /* UIKitNavigation in Frameworks */,
				88C9801267943920AF0688C8 /* Sharing in Frameworks */,
				2F6CCEA4FF8B775FCA9299DA /* WidgetKit.framework in Frameworks */,
			);
			runOnlyForDeploymentPostprocessing = 0;
		};
/* End PBXFrameworksBuildPhase section */

/* Begin PBXGroup section */
		01A9E6CC625DD46CD1BEFAAF /* Reader */ = {
			isa = PBXGroup;
			children = (
				A0B23ED7B10EED378E3E4BE2 /* AnkiBackedDictionaryConfigStore.swift */,
				511DCB8ACF373447119FC5F6 /* ChapterListView.swift */,
				EA1C214188A816DDAA4A0699 /* ChapterReaderView.swift */,
				ED043E82A627D528B6F1CA0E /* LookupAudioSupport.swift */,
				27B6F786EED616BB42CC7219 /* LookupPopupView.swift */,
				56BE97E167C080F15A37CA9A /* LookupStructuredContentView.swift */,
				020787C824DEC7DCB25BD48B /* ReaderConfiguration.swift */,
				6C9615A62531A4BB3E59BD46 /* ReaderConfigurationView.swift */,
				9CD519B4B26E63A52C7C87AA /* ReaderCoverImage.swift */,
				DD38D99FF14674DC0A70D908 /* ReaderDictionarySettingsView.swift */,
				E164CDFA0C6357AEFBD66E15 /* ReaderFontOption.swift */,
				824FF6E0D4CA586062C28530 /* ReaderLibraryView.swift */,
				131DC32CA118AAD899838E66 /* ReaderLookupStructuredContentResources.generated.swift */,
				2A11DFFF9A3870EF818C896E /* ReaderProgressCoordinator.swift */,
				84D6E41875D04365E0D99595 /* ReaderThemeColor.swift */,
				A2707B671D59B6A90F12121B /* ReaderTTS.swift */,
			);
			path = Reader;
			sourceTree = "<group>";
		};
		11E2E0C450936C7DED737DDE /* Review */ = {
			isa = PBXGroup;
			children = (
				0A33DB0DDA9DDB6DF8F59802 /* CardAssetScheme.swift */,
				E265F3067C4AA7E4D05DD2FC /* CardWebView.swift */,
				3D87C8D1EA1497775B548D36 /* CardWebViewConfig.swift */,
				342022B67A1EDBA3B371E543 /* CardWebViewCoordinator.swift */,
				1DCFB2EBF09D90E8F0D1B068 /* ReviewAudioSession.swift */,
				87E19F9B850C7DB93BC33F8E /* ReviewSession.swift */,
				4CB7489D2E74B5E73B594C7A /* ReviewView.swift */,
			);
			path = Review;
			sourceTree = "<group>";
		};
		16035EC6AE95BA7216E87391 /* Shared */ = {
			isa = PBXGroup;
			children = (
				1DBE800CB36941130D213F56 /* CardContextMenu.swift */,
				563D97E28D0A34E270C7C744 /* DeckCountsView.swift */,
				4321AD543C71CB54FEE51BDD /* ImportHelper.swift */,
				230D9AB6235454610CDF182B /* SharedKeys.swift */,
				771456E3EFBF1BE767B6E246 /* ShareSheet.swift */,
				B821E11FED498200F90B05BE /* TagsView.swift */,
				53DE7E42DF22C7093A9EDC7F /* WidgetSnapshot.swift */,
				13AD8D3240232140F43CA3E4 /* WidgetSnapshotStore.swift */,
			);
			path = Shared;
			sourceTree = "<group>";
		};
		54701E5FE2188037820D21A7 /* Frameworks */ = {
			isa = PBXGroup;
			children = (
				CAE0DE68DC7E04F773A57E14 /* SwiftUI.framework */,
				2B60A11C277A30E8180CB0F1 /* WidgetKit.framework */,
			);
			name = Frameworks;
			sourceTree = "<group>";
		};
		652799243D2BEF4E5B7E34D5 /* Packages */ = {
			isa = PBXGroup;
			children = (
				C57E0A30A0C5B7FE232BF0C3 /* amgi */,
				9508481C0DD815976FA19522 /* AmgiReader */,
				6FC065BB94EC4D03C744D66D /* AmgiUI */,
			);
			name = Packages;
			sourceTree = "<group>";
		};
		71C5A9354AD4FBE1695E2F5C /* Settings */ = {
			isa = PBXGroup;
			children = (
				C9AB03FC0929F8401CB402B4 /* AboutView.swift */,
				4E84263F2AEE7DF0EDCFDAC5 /* AccountsSettingsView.swift */,
				ED3440DB5CF8B675C7C28DE7 /* AccountStore.swift */,
				652D89BC805F4B74FCAB89D3 /* AppearanceSettingsView.swift */,
				F0DFCEE447798D2B484E90BE /* EmptyCardsView.swift */,
				D38F9CB4658B665209B01BB2 /* MaintenanceView.swift */,
				F231B0AEED1887A513639B6C /* MediaCheckResultView.swift */,
				BFDE1678CF021B6CF705D5CC /* ReaderSettingsView.swift */,
				36D4DFA2DF34A6AD6A6A5366 /* ReviewPreferences.swift */,
				00A7ECF267A21BE8F7DB66A2 /* ReviewSettingsView.swift */,
				BFF13DB7D64E209817493CD6 /* SettingsView.swift */,
				9B33C212E000026ABADB018F /* SyncSettingsView.swift */,
			);
			path = Settings;
			sourceTree = "<group>";
		};
		852CFC1C0D03FE7967E700AA /* Sources */ = {
			isa = PBXGroup;
			children = (
				8194F942C511DFA83C0CB371 /* AmgiAppApp.swift */,
				44792958B343213988DC8FFB /* ContentView.swift */,
				B219D0FE129E5978B1B69180 /* DebugView.swift */,
				34CAD2D2C0EDA8DAFB8F1BC8 /* LiveSyncTest.swift */,
				9DE9F2C493FA28C7CD204D93 /* WriteWidgetSnapshot.swift */,
				D3B4DE84AA5798262B840FF6 /* Browse */,
				90ADF1CE73507EC0A39F4C07 /* Decks */,
				01A9E6CC625DD46CD1BEFAAF /* Reader */,
				11E2E0C450936C7DED737DDE /* Review */,
				71C5A9354AD4FBE1695E2F5C /* Settings */,
				16035EC6AE95BA7216E87391 /* Shared */,
				D52BA660D2F2D5DCD5C6F489 /* Stats */,
				EA32F8BFB08788B1C8A22D79 /* Sync */,
				F7FCEC84459682EDFF3AB6F0 /* Theme */,
			);
			path = Sources;
			sourceTree = "<group>";
		};
		90ADF1CE73507EC0A39F4C07 /* Decks */ = {
			isa = PBXGroup;
			children = (
				88326459727F819E169C6D32 /* DeckConfigView.swift */,
				281E4C76C1DF305DC7227BB9 /* DeckDetailView.swift */,
				CF6D85A3D634BB2332122756 /* DeckListView.swift */,
				199A597617657FFFD18EA1ED /* DecksReviewsChart.swift */,
				9DC0DD38C5C7DBDD358DC6C3 /* DeckTemplateListView.swift */,
				9D1DE64E39F2A91CE8DDB346 /* ProfilePickerMenu.swift */,
				A2A90FC67921644B319A2036 /* TemplateSourceEditor.swift */,
			);
			path = Decks;
			sourceTree = "<group>";
		};
		D3B4DE84AA5798262B840FF6 /* Browse */ = {
			isa = PBXGroup;
			children = (
				00EDF91A0B47F794383AC6BD /* AddImageOcclusionNoteView.swift */,
				381DC7574DA0AD7F7586A1AC /* AddNoteView.swift */,
				F30910E8924CC76A60AABDF5 /* BatchTagSheet.swift */,
				CE4903F7760C71A248997108 /* BrowseSelectionState.swift */,
				EC45D8BC5498EBEF637052E2 /* BrowseSubtitle.swift */,
				D9BE6763BA3D99599AEEF5EB /* BrowseView.swift */,
				3B1DF6F34F64AC55CF7D1CA5 /* EditImageOcclusionNoteView.swift */,
				B96313C47294713F9802CC99 /* ImageOcclusionWorkspaceView.swift */,
				81861EA695E7EA4CE8A5D959 /* NoteEditingDestinationView.swift */,
				AD31FEA1C35D0834FF9F2AE8 /* NoteEditorView.swift */,
				75A3A3F2790F00A2E443F00A /* NoteFieldHTMLPreview.swift */,
				D4A672D8B286F28E10D41007 /* RichNoteFieldEditor.swift */,
			);
			path = Browse;
			sourceTree = "<group>";
		};
		D52BA660D2F2D5DCD5C6F489 /* Stats */ = {
			isa = PBXGroup;
			children = (
				5D96AF0D713B27B32FA98015 /* AddedChart.swift */,
				68925B7C459B6B33BA955D7E /* ButtonsChart.swift */,
				EB6BD09886C573AB8B8CF6B8 /* CardCountsChart.swift */,
				0A8800AE28B6B04D42B84BAD /* CardStateChart.swift */,
				EA7B1366ED7DF9A2977AC85B /* EaseChart.swift */,
				D7AB29C6FF05CB545EE528A4 /* ForecastChart.swift */,
				96615CBB62B11C0AAABBD34C /* FutureDueChart.swift */,
				9DCBBE19323E2EC3E25BBC73 /* HeatmapChartOptimized.swift */,
				0FAFEE95E43D2A4090B68118 /* HeatmapLoadingManager.swift */,
				EDD5C86C6797AA2A03EDA7F2 /* HourlyChart.swift */,
				46930603BF409DD049080BAC /* IntervalsChart.swift */,
				6C1DCE99E057D12847A0D13A /* PeriodPicker.swift */,
				4F01877135006A91E7307925 /* RetentionChart.swift */,
				A45310E40F1592B66D82CDE9 /* RetrievabilityChart.swift */,
				BA31D05E17814E8B82C6828B /* ReviewsChart.swift */,
				38F8BCCF5848054DB8649D95 /* StatsChartTooltip.swift */,
				A22120BF1E94A657A26DDD3D /* StatsDashboardView.swift */,
				C0FA551A94122B948800BA53 /* StatsDualAxisSupport.swift */,
				1ABDBB7A9C9C60BDE49C97F8 /* TodayStatsCard.swift */,
			);
			path = Stats;
			sourceTree = "<group>";
		};
		EA32F8BFB08788B1C8A22D79 /* Sync */ = {
			isa = PBXGroup;
			children = (
				0D1F690F555A23ED3B0C6480 /* AnkiMobileAttributionView.swift */,
				E15B27DFDDB066A4F26A2AC0 /* LoginSheet.swift */,
				2E09DF2F9BCEDD04F59A90AA /* OnboardingView.swift */,
				0FD34CECBFA19884BCBEF44F /* SyncCoordinator.swift */,
				634D3386B517A6A04293D0E4 /* SyncCoordinatorTypes.swift */,
				BF04EBAF4FEBD5B04D2C45C9 /* SyncSheet.swift */,
				07C6B3321053EF019775DFBD /* SyncToast.swift */,
			);
			path = Sync;
			sourceTree = "<group>";
		};
		F25D5B8FD2D15F7D2AD5DB36 /* Products */ = {
			isa = PBXGroup;
			children = (
				DE61E854280804F08BB1DD31 /* AmgiApp.app */,
				FEF6D1A33091968455963805 /* AmgiAppTests.xctest */,
				A837EB0A30B6E90B20D5C1CD /* AmgiWidget.appex */,
			);
			name = Products;
			sourceTree = "<group>";
		};
		F7FCEC84459682EDFF3AB6F0 /* Theme */ = {
			isa = PBXGroup;
			children = (
				BEC12C82CE9FD0F5018C98D6 /* AmgiModifiers.swift */,
				41932790D6D52614FE97FB6A /* AmgiSpacing.swift */,
				77BCE95B1AE4E0D131C5E2DE /* AmgiTypography.swift */,
			);
			path = Theme;
			sourceTree = "<group>";
		};
		F90D9C10E2CEF0656D9B04B5 = {
			isa = PBXGroup;
			children = (
				C77F11AE7234C74B34230540 /* Assets.xcassets */,
				5234988329E95B6BCC8C469A /* Fonts */,
				44CF30873346E609AC9D7ADE /* mathjax */,
				E02183080EEA1589D060C797 /* Review */,
				47B6144E346E2B50C7F63EC1 /* Sources/Widgets */,
				E5F5F6D6E71155A9C56DACEF /* Tests/AmgiAppTests */,
				652799243D2BEF4E5B7E34D5 /* Packages */,
				852CFC1C0D03FE7967E700AA /* Sources */,
				54701E5FE2188037820D21A7 /* Frameworks */,
				F25D5B8FD2D15F7D2AD5DB36 /* Products */,
			);
			sourceTree = "<group>";
		};
/* End PBXGroup section */

/* Begin PBXNativeTarget section */
		95284AD6E89B9B84191749DE /* AmgiApp */ = {
			isa = PBXNativeTarget;
			buildConfigurationList = 508649333842CC573F536F96 /* Build configuration list for PBXNativeTarget "AmgiApp" */;
			buildPhases = (
				C6234D2D0CDEA070ABE0CDBC /* Sources */,
				507BEFC74A9D1D4C5981265B /* Resources */,
				19B37F948ED2A792E3A74AC2 /* Frameworks */,
				410CE2AB2D9AFEF1B607231D /* Embed Foundation Extensions */,
			);
			buildRules = (
			);
			dependencies = (
				3267403ADAD9A214E1235DFB /* PBXTargetDependency */,
			);
			name = AmgiApp;
			packageProductDependencies = (
				EEE5266ACE0725F53E9703A8 /* AnkiKit */,
				9C12DFB8208798638ECB4C68 /* AnkiServices */,
				3FED5E304581C8F9AF5A7AA8 /* AnkiClients */,
				9F148DCECED472C7DE230AB6 /* AnkiSync */,
				F40C6D05700BCD9DB3969CD4 /* AnkiBackend */,
				0BBBA9E831360913A56B8508 /* AnkiProto */,
				5089B17C1D8C3637BE4FB0A9 /* AmgiCardWeb */,
				2BD648FA756A72588752BD8B /* AmgiReader */,
				DFF78E17542FA42887E61316 /* AmgiReaderDictionary */,
				DCE589747DD31E211851D79C /* AmgiTheme */,
				A83E8288FCBE678AC922CFF0 /* SwiftNavigation */,
				C6F941841B903375DAA58334 /* UIKitNavigation */,
				4F99E922EA9267E4EE4CD5D6 /* Sharing */,
			);
			productName = AmgiApp;
			productReference = DE61E854280804F08BB1DD31 /* AmgiApp.app */;
			productType = "com.apple.product-type.application";
		};
		9B3B324834735D7AA9620491 /* AmgiWidget */ = {
			isa = PBXNativeTarget;
			buildConfigurationList = BEB8DB7903F6F37B14F30E04 /* Build configuration list for PBXNativeTarget "AmgiWidget" */;
			buildPhases = (
				D810BE70AAE191E80D5A7779 /* Sources */,
				13D1F5F67D6C828F4B9F1C8F /* Frameworks */,
			);
			buildRules = (
			);
			dependencies = (
			);
			fileSystemSynchronizedGroups = (
				47B6144E346E2B50C7F63EC1 /* Sources/Widgets */,
			);
			name = AmgiWidget;
			packageProductDependencies = (
				D17643555D7431BE694A9400 /* AnkiKit */,
				F965A812044E53C1A2FD5A8F /* AmgiTheme */,
			);
			productName = AmgiWidget;
			productReference = A837EB0A30B6E90B20D5C1CD /* AmgiWidget.appex */;
			productType = "com.apple.product-type.app-extension";
		};
		EE6CF1FAA191BC2F0404B752 /* AmgiAppTests */ = {
			isa = PBXNativeTarget;
			buildConfigurationList = 58D4FD6150D5056D529ECB74 /* Build configuration list for PBXNativeTarget "AmgiAppTests" */;
			buildPhases = (
				DF3E5D1678F30C6F12658444 /* Sources */,
			);
			buildRules = (
			);
			dependencies = (
				E964AF600C4985DF9D5F46A0 /* PBXTargetDependency */,
			);
			fileSystemSynchronizedGroups = (
				E5F5F6D6E71155A9C56DACEF /* Tests/AmgiAppTests */,
			);
			name = AmgiAppTests;
			packageProductDependencies = (
			);
			productName = AmgiAppTests;
			productReference = FEF6D1A33091968455963805 /* AmgiAppTests.xctest */;
			productType = "com.apple.product-type.bundle.unit-test";
		};
/* End PBXNativeTarget section */

/* Begin PBXProject section */
		CCE55545D9F1ABEDD48DB366 /* Project object */ = {
			isa = PBXProject;
			attributes = {
				BuildIndependentTargetsInParallel = YES;
				LastUpgradeCheck = 1430;
			};
			buildConfigurationList = BC4A80AD6076C8423E530840 /* Build configuration list for PBXProject "AmgiApp" */;
			compatibilityVersion = "Xcode 14.0";
			developmentRegion = en;
			hasScannedForEncodings = 0;
			knownRegions = (
				Base,
				en,
			);
			mainGroup = F90D9C10E2CEF0656D9B04B5;
			minimizedProjectReferenceProxies = 1;
			packageReferences = (
				0654502C09BEED604C13D953 /* XCRemoteSwiftPackageReference "swift-navigation" */,
				7B720D20F213A6E6D8D5745C /* XCRemoteSwiftPackageReference "swift-sharing" */,
				FDF0EDB9E0DA0C1CAA19C4F8 /* XCLocalSwiftPackageReference "../AmgiReader" */,
				D199614CC61409C8E07A39EC /* XCLocalSwiftPackageReference "../AmgiUI" */,
				269F9635F97EDD12C747836B /* XCLocalSwiftPackageReference ".." */,
			);
			preferredProjectObjectVersion = 77;
			projectDirPath = "";
			projectRoot = "";
			targets = (
				95284AD6E89B9B84191749DE /* AmgiApp */,
				EE6CF1FAA191BC2F0404B752 /* AmgiAppTests */,
				9B3B324834735D7AA9620491 /* AmgiWidget */,
			);
		};
/* End PBXProject section */

/* Begin PBXResourcesBuildPhase section */
		507BEFC74A9D1D4C5981265B /* Resources */ = {
			isa = PBXResourcesBuildPhase;
			buildActionMask = 2147483647;
			files = (
				9979FC83164BAD629D3522E7 /* Assets.xcassets in Resources */,
				CE8C956C1D8675A4ECFB139D /* Fonts in Resources */,
				B3C65C86DE4D6556CD428D2D /* Review in Resources */,
				432EFA88F323B205548FDE22 /* mathjax in Resources */,
			);
			runOnlyForDeploymentPostprocessing = 0;
		};
/* End PBXResourcesBuildPhase section */

/* Begin PBXSourcesBuildPhase section */
		C6234D2D0CDEA070ABE0CDBC /* Sources */ = {
			isa = PBXSourcesBuildPhase;
			buildActionMask = 2147483647;
			files = (
				F435860F404414DDFB885081 /* AboutView.swift in Sources */,
				B4B871416F0D29F050E29A82 /* AccountStore.swift in Sources */,
				5E16449905162CE9B2405DF5 /* AccountsSettingsView.swift in Sources */,
				5619F3C39DA9758BD318C134 /* AddImageOcclusionNoteView.swift in Sources */,
				9D6CF5DF5BB0C3A4C0902FB6 /* AddNoteView.swift in Sources */,
				FA6F34B1F03D032967D1A495 /* AddedChart.swift in Sources */,
				BB3E89CDD647E53D949E751D /* AmgiAppApp.swift in Sources */,
				367BBDB7484B7572FFDFB37B /* AmgiModifiers.swift in Sources */,
				79AB97A5F02DD5E940373863 /* AmgiSpacing.swift in Sources */,
				385A4D906C43ED5E17ADB367 /* AmgiTypography.swift in Sources */,
				6794E01033A5C4DE1FF5DF75 /* AnkiBackedDictionaryConfigStore.swift in Sources */,
				BEACA6B8452FA146CAE99CED /* AnkiMobileAttributionView.swift in Sources */,
				F12D2524A2616E3735B61E6F /* AppearanceSettingsView.swift in Sources */,
				C5B81C2BC0BC2AE1C0C75C18 /* BatchTagSheet.swift in Sources */,
				A7C2896CF82C77EEB94B5140 /* BrowseSelectionState.swift in Sources */,
				6AA560023B11ADE4A093B1F2 /* BrowseSubtitle.swift in Sources */,
				D4CE8475B20AA7DABC38173B /* BrowseView.swift in Sources */,
				07A00C4390C97BA05E15ACDC /* ButtonsChart.swift in Sources */,
				FAC37531F72B8508E8253A62 /* CardAssetScheme.swift in Sources */,
				6681AA1ED28535DEBBC2A627 /* CardContextMenu.swift in Sources */,
				FE8CE98F275F0B697E0A83C1 /* CardCountsChart.swift in Sources */,
				62827AECD070650394B5BBDB /* CardStateChart.swift in Sources */,
				2B3722F4A958BE92E88FC2C5 /* CardWebView.swift in Sources */,
				7EC529DC6A312F24FC8069FD /* CardWebViewConfig.swift in Sources */,
				0453D87A64F5D97716D53E90 /* CardWebViewCoordinator.swift in Sources */,
				721CA6E5DEBF3AEF0C6F7BC5 /* ChapterListView.swift in Sources */,
				59F9ECD115D085D942DB1767 /* ChapterReaderView.swift in Sources */,
				73BED515464AA8C80C765BFF /* ContentView.swift in Sources */,
				570828091E1FF534441427EA /* DebugView.swift in Sources */,
				7119C630C1DA4A4F0A373C38 /* DeckConfigView.swift in Sources */,
				5620C7B259074A8C419F37B3 /* DeckCountsView.swift in Sources */,
				FCB99F58E7F60D1D8395F63A /* DeckDetailView.swift in Sources */,
				7AED302F88881176C8C44CA7 /* DeckListView.swift in Sources */,
				7394073082ABD095BA8C447F /* DeckTemplateListView.swift in Sources */,
				C2A7EC0E397FC4EB1FA8F8C5 /* DecksReviewsChart.swift in Sources */,
				01BBA23FD8A728553F6179CB /* EaseChart.swift in Sources */,
				87A56F3B49F4EE087A0B8243 /* EditImageOcclusionNoteView.swift in Sources */,
				8B99191DE01CA2535D41A860 /* EmptyCardsView.swift in Sources */,
				B3C3B80F855C1B352B1B3617 /* ForecastChart.swift in Sources */,
				20EBB57A4C92FAFE5A69CEAB /* FutureDueChart.swift in Sources */,
				054C78FB30B7C542A8BA58FF /* HeatmapChartOptimized.swift in Sources */,
				4BB1AC07B92A51CDFCF1C41D /* HeatmapLoadingManager.swift in Sources */,
				D4A17660BBB9A1BEDEFD1757 /* HourlyChart.swift in Sources */,
				A21440496544796FAF46C370 /* ImageOcclusionWorkspaceView.swift in Sources */,
				70E78891F6A13FB1AD4C6641 /* ImportHelper.swift in Sources */,
				0C2752F4E87C078DFC8271DE /* IntervalsChart.swift in Sources */,
				017B3E48EEAC49360EC17414 /* LiveSyncTest.swift in Sources */,
				ABFA94EB10FCE4ECADD03DBA /* LoginSheet.swift in Sources */,
				679B377C1C8B788E15361E76 /* LookupAudioSupport.swift in Sources */,
				61D4ED23B8FFB20F6E39A029 /* LookupPopupView.swift in Sources */,
				4D108275803A51D6E8B05981 /* LookupStructuredContentView.swift in Sources */,
				EF9AE5772C4EAA9AA7A33BEC /* MaintenanceView.swift in Sources */,
				FBDD17C4C5111E25EA33A72B /* MediaCheckResultView.swift in Sources */,
				8AC149CBB292119390646D68 /* NoteEditingDestinationView.swift in Sources */,
				70BA3C17D61EE36D3C9459F7 /* NoteEditorView.swift in Sources */,
				F121039FD8EE0629187AF43B /* NoteFieldHTMLPreview.swift in Sources */,
				FE005216E1B6A16B60A88A9D /* OnboardingView.swift in Sources */,
				1DD1AA66CD8C6AA32230C503 /* PeriodPicker.swift in Sources */,
				402596FE0D7AF17DA2F8B746 /* ProfilePickerMenu.swift in Sources */,
				2B1214F6581933794C177E7D /* ReaderConfiguration.swift in Sources */,
				09F53E3A2D1BE691BA756B9F /* ReaderConfigurationView.swift in Sources */,
				6C4BE8D7A8AA862F71AF7E04 /* ReaderCoverImage.swift in Sources */,
				452398FEA5B4D4283DBBA593 /* ReaderDictionarySettingsView.swift in Sources */,
				F4BC36B69D12F447736F9CC0 /* ReaderFontOption.swift in Sources */,
				A08C29961AAB5B415069E9A7 /* ReaderLibraryView.swift in Sources */,
				E04918C5E97B498267540BDD /* ReaderLookupStructuredContentResources.generated.swift in Sources */,
				8A3003C76F69ABEEDE4903D7 /* ReaderProgressCoordinator.swift in Sources */,
				D0E9E2D64289CAB5CA8D67E1 /* ReaderSettingsView.swift in Sources */,
				17190F42F2E6B1E0998ECC9F /* ReaderTTS.swift in Sources */,
				CEDE2FDE4017DA56396E7DF1 /* ReaderThemeColor.swift in Sources */,
				DDD628AAE6A4C19DA5B95D92 /* RetentionChart.swift in Sources */,
				D79E0303D5F0BB99137E1AE6 /* RetrievabilityChart.swift in Sources */,
				E309863697020446528E29DD /* ReviewAudioSession.swift in Sources */,
				193745373B3ED7E4BCEC26EC /* ReviewPreferences.swift in Sources */,
				973A71851E7AB4BA413D3FC1 /* ReviewSession.swift in Sources */,
				9480AB82C17BCEDE17F5A632 /* ReviewSettingsView.swift in Sources */,
				0F40C1E8847A0ABB57C180F5 /* ReviewView.swift in Sources */,
				22002B3423A998AABA9D4255 /* ReviewsChart.swift in Sources */,
				DE6304E4AC1A28DA10A62A53 /* RichNoteFieldEditor.swift in Sources */,
				6D783B1E6B06D55C4F3CDB41 /* SettingsView.swift in Sources */,
				1A215EB46E5B321E13CB9CFB /* ShareSheet.swift in Sources */,
				C982AAB082A6BE5BF81A38E0 /* SharedKeys.swift in Sources */,
				A5DEC7B6C0DEBE3CED8A78E0 /* StatsChartTooltip.swift in Sources */,
				3F4F631E50BED31EF5B8E960 /* StatsDashboardView.swift in Sources */,
				031AF93F320B7E29AC835AF7 /* StatsDualAxisSupport.swift in Sources */,
				730C080AB748549EDC33442A /* SyncCoordinator.swift in Sources */,
				9E49C82F6678D839A11DCBB6 /* SyncCoordinatorTypes.swift in Sources */,
				8C87B61A46DD9657DD5DB797 /* SyncSettingsView.swift in Sources */,
				3BE4592CD95AE2157BD0A7BE /* SyncSheet.swift in Sources */,
				0B51DFCE0A46751916048AC9 /* SyncToast.swift in Sources */,
				1E1FCAA449C21F1DD928CD5C /* TagsView.swift in Sources */,
				216C03CF9E91C280AD908E1F /* TemplateSourceEditor.swift in Sources */,
				0E6BAFDFFDAF2EFE7E9A17F4 /* TodayStatsCard.swift in Sources */,
				3A0D999E07080EBD749A53AF /* WidgetSnapshot.swift in Sources */,
				CBE89D68D22071306BEA2FA7 /* WidgetSnapshotStore.swift in Sources */,
				72EFBA61E6007A14BAC1DF9E /* WriteWidgetSnapshot.swift in Sources */,
			);
			runOnlyForDeploymentPostprocessing = 0;
		};
		D810BE70AAE191E80D5A7779 /* Sources */ = {
			isa = PBXSourcesBuildPhase;
			buildActionMask = 2147483647;
			files = (
				062F0A03C2F04F91B637A832 /* WidgetSnapshot.swift in Sources */,
				A94A78430672FA123F40972B /* WidgetSnapshotStore.swift in Sources */,
			);
			runOnlyForDeploymentPostprocessing = 0;
		};
		DF3E5D1678F30C6F12658444 /* Sources */ = {
			isa = PBXSourcesBuildPhase;
			buildActionMask = 2147483647;
			files = (
			);
			runOnlyForDeploymentPostprocessing = 0;
		};
/* End PBXSourcesBuildPhase section */

/* Begin PBXTargetDependency section */
		3267403ADAD9A214E1235DFB /* PBXTargetDependency */ = {
			isa = PBXTargetDependency;
			target = 9B3B324834735D7AA9620491 /* AmgiWidget */;
			targetProxy = EE34BEA2D08D4B4B3CE4BF7A /* PBXContainerItemProxy */;
		};
		E964AF600C4985DF9D5F46A0 /* PBXTargetDependency */ = {
			isa = PBXTargetDependency;
			target = 95284AD6E89B9B84191749DE /* AmgiApp */;
			targetProxy = 405A1DF95A869267A4FF267C /* PBXContainerItemProxy */;
		};
/* End PBXTargetDependency section */

/* Begin XCBuildConfiguration section */
		01CDE097EE270648A3455BCC /* Release */ = {
			isa = XCBuildConfiguration;
			buildSettings = {
				ALWAYS_SEARCH_USER_PATHS = NO;
				CLANG_ANALYZER_NONNULL = YES;
				CLANG_ANALYZER_NUMBER_OBJECT_CONVERSION = YES_AGGRESSIVE;
				CLANG_CXX_LANGUAGE_STANDARD = "gnu++14";
				CLANG_CXX_LIBRARY = "libc++";
				CLANG_ENABLE_MODULES = YES;
				CLANG_ENABLE_OBJC_ARC = YES;
				CLANG_ENABLE_OBJC_WEAK = YES;
				CLANG_WARN_BLOCK_CAPTURE_AUTORELEASING = YES;
				CLANG_WARN_BOOL_CONVERSION = YES;
				CLANG_WARN_COMMA = YES;
				CLANG_WARN_CONSTANT_CONVERSION = YES;
				CLANG_WARN_DEPRECATED_OBJC_IMPLEMENTATIONS = YES;
				CLANG_WARN_DIRECT_OBJC_ISA_USAGE = YES_ERROR;
				CLANG_WARN_DOCUMENTATION_COMMENTS = YES;
				CLANG_WARN_EMPTY_BODY = YES;
				CLANG_WARN_ENUM_CONVERSION = YES;
				CLANG_WARN_INFINITE_RECURSION = YES;
				CLANG_WARN_INT_CONVERSION = YES;
				CLANG_WARN_NON_LITERAL_NULL_CONVERSION = YES;
				CLANG_WARN_OBJC_IMPLICIT_RETAIN_SELF = YES;
				CLANG_WARN_OBJC_LITERAL_CONVERSION = YES;
				CLANG_WARN_OBJC_ROOT_CLASS = YES_ERROR;
				CLANG_WARN_QUOTED_INCLUDE_IN_FRAMEWORK_HEADER = YES;
				CLANG_WARN_RANGE_LOOP_ANALYSIS = YES;
				CLANG_WARN_STRICT_PROTOTYPES = YES;
				CLANG_WARN_SUSPICIOUS_MOVE = YES;
				CLANG_WARN_UNGUARDED_AVAILABILITY = YES_AGGRESSIVE;
				CLANG_WARN_UNREACHABLE_CODE = YES;
				CLANG_WARN__DUPLICATE_METHOD_MATCH = YES;
				COPY_PHASE_STRIP = NO;
				DEBUG_INFORMATION_FORMAT = "dwarf-with-dsym";
				ENABLE_NS_ASSERTIONS = NO;
				ENABLE_STRICT_OBJC_MSGSEND = YES;
				GCC_C_LANGUAGE_STANDARD = gnu11;
				GCC_NO_COMMON_BLOCKS = YES;
				GCC_WARN_64_TO_32_BIT_CONVERSION = YES;
				GCC_WARN_ABOUT_RETURN_TYPE = YES_ERROR;
				GCC_WARN_UNDECLARED_SELECTOR = YES;
				GCC_WARN_UNINITIALIZED_AUTOS = YES_AGGRESSIVE;
				GCC_WARN_UNUSED_FUNCTION = YES;
				GCC_WARN_UNUSED_VARIABLE = YES;
				IPHONEOS_DEPLOYMENT_TARGET = 18.0;
				MTL_ENABLE_DEBUG_INFO = NO;
				MTL_FAST_MATH = YES;
				PRODUCT_NAME = "$(TARGET_NAME)";
				SDKROOT = iphoneos;
				SWIFT_COMPILATION_MODE = wholemodule;
				SWIFT_OPTIMIZATION_LEVEL = "-O";
				SWIFT_STRICT_CONCURRENCY = complete;
				SWIFT_VERSION = 6.0;
			};
			name = Release;
		};
		1D180DB342CB1285F3F30774 /* Debug */ = {
			isa = XCBuildConfiguration;
			buildSettings = {
				BUNDLE_LOADER = "$(TEST_HOST)";
				CLANG_CXX_LANGUAGE_STANDARD = "c++20";
				CLANG_CXX_LIBRARY = "libc++";
				GENERATE_INFOPLIST_FILE = YES;
				LD_RUNPATH_SEARCH_PATHS = (
					"$(inherited)",
					"@executable_path/Frameworks",
					"@loader_path/Frameworks",
				);
				OTHER_SWIFT_FLAGS = "$(inherited) -cxx-interoperability-mode=default";
				PRODUCT_BUNDLE_IDENTIFIER = com.amgiapp.AmgiAppTests;
				SDKROOT = iphoneos;
				SWIFT_CXX_INTEROPERABILITY_MODE = default;
				TARGETED_DEVICE_FAMILY = "1,2";
				TEST_HOST = "$(BUILT_PRODUCTS_DIR)/AmgiApp.app/AmgiApp";
			};
			name = Debug;
		};
		48CAD2B8E5E76236A9CE3FF8 /* Release */ = {
			isa = XCBuildConfiguration;
			buildSettings = {
				ASSETCATALOG_COMPILER_APPICON_NAME = AppIcon;
				CLANG_CXX_LANGUAGE_STANDARD = "c++20";
				CLANG_CXX_LIBRARY = "libc++";
				CODE_SIGN_ENTITLEMENTS = AmgiApp.entitlements;
				CODE_SIGN_IDENTITY = "iPhone Developer";
				INFOPLIST_FILE = Info.plist;
				LD_RUNPATH_SEARCH_PATHS = (
					"$(inherited)",
					"@executable_path/Frameworks",
				);
				OTHER_SWIFT_FLAGS = "$(inherited) -cxx-interoperability-mode=default";
				PRODUCT_BUNDLE_IDENTIFIER = com.amgiapp.AmgiApp;
				SDKROOT = iphoneos;
				SWIFT_CXX_INTEROPERABILITY_MODE = default;
				TARGETED_DEVICE_FAMILY = "1,2";
			};
			name = Release;
		};
		5987A44A773D53DA29C4E928 /* Release */ = {
			isa = XCBuildConfiguration;
			buildSettings = {
				BUNDLE_LOADER = "$(TEST_HOST)";
				CLANG_CXX_LANGUAGE_STANDARD = "c++20";
				CLANG_CXX_LIBRARY = "libc++";
				GENERATE_INFOPLIST_FILE = YES;
				LD_RUNPATH_SEARCH_PATHS = (
					"$(inherited)",
					"@executable_path/Frameworks",
					"@loader_path/Frameworks",
				);
				OTHER_SWIFT_FLAGS = "$(inherited) -cxx-interoperability-mode=default";
				PRODUCT_BUNDLE_IDENTIFIER = com.amgiapp.AmgiAppTests;
				SDKROOT = iphoneos;
				SWIFT_CXX_INTEROPERABILITY_MODE = default;
				TARGETED_DEVICE_FAMILY = "1,2";
				TEST_HOST = "$(BUILT_PRODUCTS_DIR)/AmgiApp.app/AmgiApp";
			};
			name = Release;
		};
		B9DA3DD5F83727DB538B5362 /* Debug */ = {
			isa = XCBuildConfiguration;
			buildSettings = {
				ALWAYS_SEARCH_USER_PATHS = NO;
				CLANG_ANALYZER_NONNULL = YES;
				CLANG_ANALYZER_NUMBER_OBJECT_CONVERSION = YES_AGGRESSIVE;
				CLANG_CXX_LANGUAGE_STANDARD = "gnu++14";
				CLANG_CXX_LIBRARY = "libc++";
				CLANG_ENABLE_MODULES = YES;
				CLANG_ENABLE_OBJC_ARC = YES;
				CLANG_ENABLE_OBJC_WEAK = YES;
				CLANG_WARN_BLOCK_CAPTURE_AUTORELEASING = YES;
				CLANG_WARN_BOOL_CONVERSION = YES;
				CLANG_WARN_COMMA = YES;
				CLANG_WARN_CONSTANT_CONVERSION = YES;
				CLANG_WARN_DEPRECATED_OBJC_IMPLEMENTATIONS = YES;
				CLANG_WARN_DIRECT_OBJC_ISA_USAGE = YES_ERROR;
				CLANG_WARN_DOCUMENTATION_COMMENTS = YES;
				CLANG_WARN_EMPTY_BODY = YES;
				CLANG_WARN_ENUM_CONVERSION = YES;
				CLANG_WARN_INFINITE_RECURSION = YES;
				CLANG_WARN_INT_CONVERSION = YES;
				CLANG_WARN_NON_LITERAL_NULL_CONVERSION = YES;
				CLANG_WARN_OBJC_IMPLICIT_RETAIN_SELF = YES;
				CLANG_WARN_OBJC_LITERAL_CONVERSION = YES;
				CLANG_WARN_OBJC_ROOT_CLASS = YES_ERROR;
				CLANG_WARN_QUOTED_INCLUDE_IN_FRAMEWORK_HEADER = YES;
				CLANG_WARN_RANGE_LOOP_ANALYSIS = YES;
				CLANG_WARN_STRICT_PROTOTYPES = YES;
				CLANG_WARN_SUSPICIOUS_MOVE = YES;
				CLANG_WARN_UNGUARDED_AVAILABILITY = YES_AGGRESSIVE;
				CLANG_WARN_UNREACHABLE_CODE = YES;
				CLANG_WARN__DUPLICATE_METHOD_MATCH = YES;
				COPY_PHASE_STRIP = NO;
				DEBUG_INFORMATION_FORMAT = dwarf;
				ENABLE_STRICT_OBJC_MSGSEND = YES;
				ENABLE_TESTABILITY = YES;
				GCC_C_LANGUAGE_STANDARD = gnu11;
				GCC_DYNAMIC_NO_PIC = NO;
				GCC_NO_COMMON_BLOCKS = YES;
				GCC_OPTIMIZATION_LEVEL = 0;
				GCC_PREPROCESSOR_DEFINITIONS = (
					"$(inherited)",
					"DEBUG=1",
				);
				GCC_WARN_64_TO_32_BIT_CONVERSION = YES;
				GCC_WARN_ABOUT_RETURN_TYPE = YES_ERROR;
				GCC_WARN_UNDECLARED_SELECTOR = YES;
				GCC_WARN_UNINITIALIZED_AUTOS = YES_AGGRESSIVE;
				GCC_WARN_UNUSED_FUNCTION = YES;
				GCC_WARN_UNUSED_VARIABLE = YES;
				IPHONEOS_DEPLOYMENT_TARGET = 18.0;
				MTL_ENABLE_DEBUG_INFO = INCLUDE_SOURCE;
				MTL_FAST_MATH = YES;
				ONLY_ACTIVE_ARCH = YES;
				PRODUCT_NAME = "$(TARGET_NAME)";
				SDKROOT = iphoneos;
				SWIFT_ACTIVE_COMPILATION_CONDITIONS = DEBUG;
				SWIFT_OPTIMIZATION_LEVEL = "-Onone";
				SWIFT_STRICT_CONCURRENCY = complete;
				SWIFT_VERSION = 6.0;
			};
			name = Debug;
		};
		BCA1A313BD0827666D6635B3 /* Debug */ = {
			isa = XCBuildConfiguration;
			buildSettings = {
				ASSETCATALOG_COMPILER_APPICON_NAME = AppIcon;
				CLANG_CXX_LANGUAGE_STANDARD = "c++20";
				CLANG_CXX_LIBRARY = "libc++";
				CODE_SIGN_ENTITLEMENTS = AmgiApp.entitlements;
				CODE_SIGN_IDENTITY = "iPhone Developer";
				INFOPLIST_FILE = Info.plist;
				LD_RUNPATH_SEARCH_PATHS = (
					"$(inherited)",
					"@executable_path/Frameworks",
				);
				OTHER_SWIFT_FLAGS = "$(inherited) -cxx-interoperability-mode=default";
				PRODUCT_BUNDLE_IDENTIFIER = com.amgiapp.AmgiApp;
				SDKROOT = iphoneos;
				SWIFT_CXX_INTEROPERABILITY_MODE = default;
				TARGETED_DEVICE_FAMILY = "1,2";
			};
			name = Debug;
		};
		CDA499720B04E282D7607B17 /* Debug */ = {
			isa = XCBuildConfiguration;
			buildSettings = {
				CODE_SIGN_ENTITLEMENTS = AmgiWidget.entitlements;
				INFOPLIST_FILE = Sources/Widgets/Info.plist;
				LD_RUNPATH_SEARCH_PATHS = (
					"$(inherited)",
					"@executable_path/Frameworks",
					"@executable_path/../../Frameworks",
				);
				PRODUCT_BUNDLE_IDENTIFIER = com.amgiapp.AmgiApp.widget;
				SDKROOT = iphoneos;
				TARGETED_DEVICE_FAMILY = "1,2";
			};
			name = Debug;
		};
		DA5608BBDBA218288D59134B /* Release */ = {
			isa = XCBuildConfiguration;
			buildSettings = {
				CODE_SIGN_ENTITLEMENTS = AmgiWidget.entitlements;
				INFOPLIST_FILE = Sources/Widgets/Info.plist;
				LD_RUNPATH_SEARCH_PATHS = (
					"$(inherited)",
					"@executable_path/Frameworks",
					"@executable_path/../../Frameworks",
				);
				PRODUCT_BUNDLE_IDENTIFIER = com.amgiapp.AmgiApp.widget;
				SDKROOT = iphoneos;
				TARGETED_DEVICE_FAMILY = "1,2";
			};
			name = Release;
		};
/* End XCBuildConfiguration section */

/* Begin XCConfigurationList section */
		508649333842CC573F536F96 /* Build configuration list for PBXNativeTarget "AmgiApp" */ = {
			isa = XCConfigurationList;
			buildConfigurations = (
				BCA1A313BD0827666D6635B3 /* Debug */,
				48CAD2B8E5E76236A9CE3FF8 /* Release */,
			);
			defaultConfigurationIsVisible = 0;
			defaultConfigurationName = Debug;
		};
		58D4FD6150D5056D529ECB74 /* Build configuration list for PBXNativeTarget "AmgiAppTests" */ = {
			isa = XCConfigurationList;
			buildConfigurations = (
				1D180DB342CB1285F3F30774 /* Debug */,
				5987A44A773D53DA29C4E928 /* Release */,
			);
			defaultConfigurationIsVisible = 0;
			defaultConfigurationName = Debug;
		};
		BC4A80AD6076C8423E530840 /* Build configuration list for PBXProject "AmgiApp" */ = {
			isa = XCConfigurationList;
			buildConfigurations = (
				B9DA3DD5F83727DB538B5362 /* Debug */,
				01CDE097EE270648A3455BCC /* Release */,
			);
			defaultConfigurationIsVisible = 0;
			defaultConfigurationName = Debug;
		};
		BEB8DB7903F6F37B14F30E04 /* Build configuration list for PBXNativeTarget "AmgiWidget" */ = {
			isa = XCConfigurationList;
			buildConfigurations = (
				CDA499720B04E282D7607B17 /* Debug */,
				DA5608BBDBA218288D59134B /* Release */,
			);
			defaultConfigurationIsVisible = 0;
			defaultConfigurationName = Debug;
		};
/* End XCConfigurationList section */

/* Begin XCLocalSwiftPackageReference section */
		269F9635F97EDD12C747836B /* XCLocalSwiftPackageReference ".." */ = {
			isa = XCLocalSwiftPackageReference;
			relativePath = ..;
		};
		D199614CC61409C8E07A39EC /* XCLocalSwiftPackageReference "../AmgiUI" */ = {
			isa = XCLocalSwiftPackageReference;
			relativePath = ../AmgiUI;
		};
		FDF0EDB9E0DA0C1CAA19C4F8 /* XCLocalSwiftPackageReference "../AmgiReader" */ = {
			isa = XCLocalSwiftPackageReference;
			relativePath = ../AmgiReader;
		};
/* End XCLocalSwiftPackageReference section */

/* Begin XCRemoteSwiftPackageReference section */
		0654502C09BEED604C13D953 /* XCRemoteSwiftPackageReference "swift-navigation" */ = {
			isa = XCRemoteSwiftPackageReference;
			repositoryURL = "https://github.com/pointfreeco/swift-navigation";
			requirement = {
				kind = upToNextMajorVersion;
				minimumVersion = 2.0.0;
			};
		};
		7B720D20F213A6E6D8D5745C /* XCRemoteSwiftPackageReference "swift-sharing" */ = {
			isa = XCRemoteSwiftPackageReference;
			repositoryURL = "https://github.com/pointfreeco/swift-sharing";
			requirement = {
				kind = upToNextMajorVersion;
				minimumVersion = 2.0.0;
			};
		};
/* End XCRemoteSwiftPackageReference section */

/* Begin XCSwiftPackageProductDependency section */
		0BBBA9E831360913A56B8508 /* AnkiProto */ = {
			isa = XCSwiftPackageProductDependency;
			productName = AnkiProto;
		};
		2BD648FA756A72588752BD8B /* AmgiReader */ = {
			isa = XCSwiftPackageProductDependency;
			productName = AmgiReader;
		};
		3FED5E304581C8F9AF5A7AA8 /* AnkiClients */ = {
			isa = XCSwiftPackageProductDependency;
			productName = AnkiClients;
		};
		4F99E922EA9267E4EE4CD5D6 /* Sharing */ = {
			isa = XCSwiftPackageProductDependency;
			package = 7B720D20F213A6E6D8D5745C /* XCRemoteSwiftPackageReference "swift-sharing" */;
			productName = Sharing;
		};
		5089B17C1D8C3637BE4FB0A9 /* AmgiCardWeb */ = {
			isa = XCSwiftPackageProductDependency;
			productName = AmgiCardWeb;
		};
		9C12DFB8208798638ECB4C68 /* AnkiServices */ = {
			isa = XCSwiftPackageProductDependency;
			productName = AnkiServices;
		};
		9F148DCECED472C7DE230AB6 /* AnkiSync */ = {
			isa = XCSwiftPackageProductDependency;
			productName = AnkiSync;
		};
		A83E8288FCBE678AC922CFF0 /* SwiftNavigation */ = {
			isa = XCSwiftPackageProductDependency;
			package = 0654502C09BEED604C13D953 /* XCRemoteSwiftPackageReference "swift-navigation" */;
			productName = SwiftNavigation;
		};
		C6F941841B903375DAA58334 /* UIKitNavigation */ = {
			isa = XCSwiftPackageProductDependency;
			package = 0654502C09BEED604C13D953 /* XCRemoteSwiftPackageReference "swift-navigation" */;
			productName = UIKitNavigation;
		};
		D17643555D7431BE694A9400 /* AnkiKit */ = {
			isa = XCSwiftPackageProductDependency;
			productName = AnkiKit;
		};
		DCE589747DD31E211851D79C /* AmgiTheme */ = {
			isa = XCSwiftPackageProductDependency;
			productName = AmgiTheme;
		};
		DFF78E17542FA42887E61316 /* AmgiReaderDictionary */ = {
			isa = XCSwiftPackageProductDependency;
			productName = AmgiReaderDictionary;
		};
		EEE5266ACE0725F53E9703A8 /* AnkiKit */ = {
			isa = XCSwiftPackageProductDependency;
			productName = AnkiKit;
		};
		F40C6D05700BCD9DB3969CD4 /* AnkiBackend */ = {
			isa = XCSwiftPackageProductDependency;
			productName = AnkiBackend;
		};
		F965A812044E53C1A2FD5A8F /* AmgiTheme */ = {
			isa = XCSwiftPackageProductDependency;
			productName = AmgiTheme;
		};
/* End XCSwiftPackageProductDependency section */
	};
	rootObject = CCE55545D9F1ABEDD48DB366 /* Project object */;
}
